// !$*UTF8*$!
{
	archiveVersion = 1;
	classes = {
	};
	objectVersion = 45;
	objects = {

/* Begin PBXBuildFile section */
		1D3623260D0F684500981E51 /* EducentivePlaygroundAppDelegate.m in Sources */ = {isa = PBXBuildFile; fileRef = 1D3623250D0F684500981E51 /* EducentivePlaygroundAppDelegate.m */; };
		1D60589B0D05DD56006BFB54 /* main.m in Sources */ = {isa = PBXBuildFile; fileRef = 29B97316FDCFA39411CA2CEA /* main.m */; };
		1D60589F0D05DD5A006BFB54 /* Foundation.framework in Frameworks */ = {isa = PBXBuildFile; fileRef = 1D30AB110D05D00D00671497 /* Foundation.framework */; };
		1DF5F4E00D08C38300B7A737 /* UIKit.framework in Frameworks */ = {isa = PBXBuildFile; fileRef = 1DF5F4DF0D08C38300B7A737 /* UIKit.framework */; };
		28860BE50F44EE6400985440 /* CoreData.framework in Frameworks */ = {isa = PBXBuildFile; fileRef = 28860BE40F44EE6400985440 /* CoreData.framework */; };
		2892E4100DC94CBA00A64D0F /* CoreGraphics.framework in Frameworks */ = {isa = PBXBuildFile; fileRef = 2892E40F0DC94CBA00A64D0F /* CoreGraphics.framework */; };
		2899E5600DE3E45000AC0155 /* RootViewController.xib in Resources */ = {isa = PBXBuildFile; fileRef = 2899E55F0DE3E45000AC0155 /* RootViewController.xib */; };
		28AD73600D9D9599002E5188 /* MainWindow.xib in Resources */ = {isa = PBXBuildFile; fileRef = 28AD735F0D9D9599002E5188 /* MainWindow.xib */; };
		28C286E10D94DF7D0034E888 /* RootViewController.m in Sources */ = {isa = PBXBuildFile; fileRef = 28C286E00D94DF7D0034E888 /* RootViewController.m */; };
		28D3F202112F7DC200FD0661 /* EducentivePlayground.xcdatamodeld in Sources */ = {isa = PBXBuildFile; fileRef = 28D3F201112F7DC200FD0661 /* EducentivePlayground.xcdatamodeld */; };
		FB293EEE131941DD009CDB1B /* IncentiveReward.m in Sources */ = {isa = PBXBuildFile; fileRef = FB293EE9131941DD009CDB1B /* IncentiveReward.m */; };
		FB293EEF131941DD009CDB1B /* IncentiveAccomplishment.m in Sources */ = {isa = PBXBuildFile; fileRef = FB293EEB131941DD009CDB1B /* IncentiveAccomplishment.m */; };
		FB293EF0131941DD009CDB1B /* IncentivePlan.m in Sources */ = {isa = PBXBuildFile; fileRef = FB293EED131941DD009CDB1B /* IncentivePlan.m */; };
		FB5401F81315C0BA00DD2042 /* target-icon.png in Resources */ = {isa = PBXBuildFile; fileRef = FB5401F71315C0BA00DD2042 /* target-icon.png */; };
		FB62D393130C868400E6071E /* bike.jpeg in Resources */ = {isa = PBXBuildFile; fileRef = FB62D392130C868400E6071E /* bike.jpeg */; };
		FB62D397130C86B400E6071E /* PlanOverviewViewController.m in Sources */ = {isa = PBXBuildFile; fileRef = FB62D395130C86B400E6071E /* PlanOverviewViewController.m */; };
		FB62D398130C86B400E6071E /* PlanOverviewViewController.xib in Resources */ = {isa = PBXBuildFile; fileRef = FB62D396130C86B400E6071E /* PlanOverviewViewController.xib */; };
		FB62D39C130C872F00E6071E /* 15px-shadow-tile.png in Resources */ = {isa = PBXBuildFile; fileRef = FB62D39B130C872F00E6071E /* 15px-shadow-tile.png */; };
		FB6FA54213438EE7001A6298 /* IncentiveAccomplishmentTableViewCell.m in Sources */ = {isa = PBXBuildFile; fileRef = FB6FA54113438EE7001A6298 /* IncentiveAccomplishmentTableViewCell.m */; };
		FB6FA54413438EE7001A6298 /* IncentiveAccomplishmentTableViewCell.xib in Resources */ = {isa = PBXBuildFile; fileRef = FB6FA54313438EE7001A6298 /* IncentiveAccomplishmentTableViewCell.xib */; };
		FBAC20C9131947EC003F321D /* libLevousCore.a in Frameworks */ = {isa = PBXBuildFile; fileRef = FBAC20C2131947C9003F321D /* libLevousCore.a */; };
		FBAC2492131DA053003F321D /* EducentiveCoreDataManager.m in Sources */ = {isa = PBXBuildFile; fileRef = FBAC2491131DA053003F321D /* EducentiveCoreDataManager.m */; };
		FBC9F20D12D8C25600BEF45A /* LICENSE AGREEMENT.rtf in Resources */ = {isa = PBXBuildFile; fileRef = FBC9F15812D8C25600BEF45A /* LICENSE AGREEMENT.rtf */; };
		FBC9F20E12D8C25600BEF45A /* SCBadgeView.m in Sources */ = {isa = PBXBuildFile; fileRef = FBC9F15A12D8C25600BEF45A /* SCBadgeView.m */; };
		FBC9F20F12D8C25600BEF45A /* SCClassDefinition.m in Sources */ = {isa = PBXBuildFile; fileRef = FBC9F15C12D8C25600BEF45A /* SCClassDefinition.m */; };
		FBC9F21012D8C25600BEF45A /* SCGlobals.m in Sources */ = {isa = PBXBuildFile; fileRef = FBC9F15E12D8C25600BEF45A /* SCGlobals.m */; };
		FBC9F21112D8C25600BEF45A /* SCPropertyAttributes.m in Sources */ = {isa = PBXBuildFile; fileRef = FBC9F16012D8C25600BEF45A /* SCPropertyAttributes.m */; };
		FBC9F21212D8C25600BEF45A /* SCTableViewCell.m in Sources */ = {isa = PBXBuildFile; fileRef = FBC9F16212D8C25600BEF45A /* SCTableViewCell.m */; };
		FBC9F21312D8C25600BEF45A /* SCTableViewController.m in Sources */ = {isa = PBXBuildFile; fileRef = FBC9F16412D8C25600BEF45A /* SCTableViewController.m */; };
		FBC9F21412D8C25600BEF45A /* SCTableViewModel.m in Sources */ = {isa = PBXBuildFile; fileRef = FBC9F16612D8C25600BEF45A /* SCTableViewModel.m */; };
		FBC9F21512D8C25600BEF45A /* SCTableViewSection.m in Sources */ = {isa = PBXBuildFile; fileRef = FBC9F16812D8C25600BEF45A /* SCTableViewSection.m */; };
		FBC9F21612D8C25600BEF45A /* SCViewController.m in Sources */ = {isa = PBXBuildFile; fileRef = FBC9F16A12D8C25600BEF45A /* SCViewController.m */; };
		FBC9F24012D8C32F00BEF45A /* PlanViewController.xib in Resources */ = {isa = PBXBuildFile; fileRef = FBC9F23D12D8C32F00BEF45A /* PlanViewController.xib */; };
		FBC9F24112D8C32F00BEF45A /* PlanViewController.m in Sources */ = {isa = PBXBuildFile; fileRef = FBC9F23E12D8C32F00BEF45A /* PlanViewController.m */; };
/* End PBXBuildFile section */

/* Begin PBXContainerItemProxy section */
		A99F706613F330D90063455C /* PBXContainerItemProxy */ = {
			isa = PBXContainerItemProxy;
			containerPortal = FBAC20BA131947C9003F321D /* LevousCore.xcodeproj */;
			proxyType = 2;
			remoteGlobalIDString = A9DC653A13666FE100DA53E5;
			remoteInfo = LevousCoreTests;
		};
		FBAC20C1131947C9003F321D /* PBXContainerItemProxy */ = {
			isa = PBXContainerItemProxy;
			containerPortal = FBAC20BA131947C9003F321D /* LevousCore.xcodeproj */;
			proxyType = 2;
			remoteGlobalIDString = D2AAC07E0554694100DB518D;
			remoteInfo = LevousCore;
		};
		FBAC20CA131947FB003F321D /* PBXContainerItemProxy */ = {
			isa = PBXContainerItemProxy;
			containerPortal = FBAC20BA131947C9003F321D /* LevousCore.xcodeproj */;
			proxyType = 1;
			remoteGlobalIDString = D2AAC07D0554694100DB518D;
			remoteInfo = LevousCore;
		};
/* End PBXContainerItemProxy section */

/* Begin PBXFileReference section */
		1D30AB110D05D00D00671497 /* Foundation.framework */ = {isa = PBXFileReference; lastKnownFileType = wrapper.framework; name = Foundation.framework; path = System/Library/Frameworks/Foundation.framework; sourceTree = SDKROOT; };
		1D3623240D0F684500981E51 /* EducentivePlaygroundAppDelegate.h */ = {isa = PBXFileReference; fileEncoding = 4; lastKnownFileType = sourcecode.c.h; path = EducentivePlaygroundAppDelegate.h; sourceTree = "<group>"; };
		1D3623250D0F684500981E51 /* EducentivePlaygroundAppDelegate.m */ = {isa = PBXFileReference; fileEncoding = 4; lastKnownFileType = sourcecode.c.objc; path = EducentivePlaygroundAppDelegate.m; sourceTree = "<group>"; };
		1D6058910D05DD3D006BFB54 /* EducentivePlayground.app */ = {isa = PBXFileReference; explicitFileType = wrapper.application; includeInIndex = 0; path = EducentivePlayground.app; sourceTree = BUILT_PRODUCTS_DIR; };
		1DF5F4DF0D08C38300B7A737 /* UIKit.framework */ = {isa = PBXFileReference; lastKnownFileType = wrapper.framework; name = UIKit.framework; path = System/Library/Frameworks/UIKit.framework; sourceTree = SDKROOT; };
		28860B760F44E54D00985440 /* EducentivePlayground.xcdatamodel */ = {isa = PBXFileReference; fileEncoding = 4; lastKnownFileType = wrapper.xcdatamodel; path = EducentivePlayground.xcdatamodel; sourceTree = "<group>"; };
		28860BE40F44EE6400985440 /* CoreData.framework */ = {isa = PBXFileReference; lastKnownFileType = wrapper.framework; name = CoreData.framework; path = System/Library/Frameworks/CoreData.framework; sourceTree = SDKROOT; };
		2892E40F0DC94CBA00A64D0F /* CoreGraphics.framework */ = {isa = PBXFileReference; lastKnownFileType = wrapper.framework; name = CoreGraphics.framework; path = System/Library/Frameworks/CoreGraphics.framework; sourceTree = SDKROOT; };
		2899E55F0DE3E45000AC0155 /* RootViewController.xib */ = {isa = PBXFileReference; lastKnownFileType = file.xib; path = RootViewController.xib; sourceTree = "<group>"; };
		28A0AAE50D9B0CCF005BE974 /* EducentivePlayground_Prefix.pch */ = {isa = PBXFileReference; fileEncoding = 4; lastKnownFileType = sourcecode.c.h; path = EducentivePlayground_Prefix.pch; sourceTree = "<group>"; };
		28AD735F0D9D9599002E5188 /* MainWindow.xib */ = {isa = PBXFileReference; lastKnownFileType = file.xib; path = MainWindow.xib; sourceTree = "<group>"; };
		28C286DF0D94DF7D0034E888 /* RootViewController.h */ = {isa = PBXFileReference; fileEncoding = 4; lastKnownFileType = sourcecode.c.h; path = RootViewController.h; sourceTree = "<group>"; };
		28C286E00D94DF7D0034E888 /* RootViewController.m */ = {isa = PBXFileReference; fileEncoding = 4; lastKnownFileType = sourcecode.c.objc; path = RootViewController.m; sourceTree = "<group>"; };
		29B97316FDCFA39411CA2CEA /* main.m */ = {isa = PBXFileReference; fileEncoding = 4; lastKnownFileType = sourcecode.c.objc; path = main.m; sourceTree = "<group>"; };
		8D1107310486CEB800E47090 /* EducentivePlayground-Info.plist */ = {isa = PBXFileReference; fileEncoding = 4; lastKnownFileType = text.plist.xml; path = "EducentivePlayground-Info.plist"; plistStructureDefinitionIdentifier = "com.apple.xcode.plist.structure-definition.iphone.info-plist"; sourceTree = "<group>"; };
		FB293EE8131941DD009CDB1B /* IncentiveReward.h */ = {isa = PBXFileReference; fileEncoding = 4; lastKnownFileType = sourcecode.c.h; path = IncentiveReward.h; sourceTree = "<group>"; };
		FB293EE9131941DD009CDB1B /* IncentiveReward.m */ = {isa = PBXFileReference; fileEncoding = 4; lastKnownFileType = sourcecode.c.objc; path = IncentiveReward.m; sourceTree = "<group>"; };
		FB293EEA131941DD009CDB1B /* IncentiveAccomplishment.h */ = {isa = PBXFileReference; fileEncoding = 4; lastKnownFileType = sourcecode.c.h; path = IncentiveAccomplishment.h; sourceTree = "<group>"; };
		FB293EEB131941DD009CDB1B /* IncentiveAccomplishment.m */ = {isa = PBXFileReference; fileEncoding = 4; lastKnownFileType = sourcecode.c.objc; path = IncentiveAccomplishment.m; sourceTree = "<group>"; };
		FB293EEC131941DD009CDB1B /* IncentivePlan.h */ = {isa = PBXFileReference; fileEncoding = 4; lastKnownFileType = sourcecode.c.h; path = IncentivePlan.h; sourceTree = "<group>"; };
		FB293EED131941DD009CDB1B /* IncentivePlan.m */ = {isa = PBXFileReference; fileEncoding = 4; lastKnownFileType = sourcecode.c.objc; path = IncentivePlan.m; sourceTree = "<group>"; };
		FB293FB4131946BA009CDB1B /* LVConstants.h */ = {isa = PBXFileReference; fileEncoding = 4; lastKnownFileType = sourcecode.c.h; path = LVConstants.h; sourceTree = "<group>"; };
		FB5401F71315C0BA00DD2042 /* target-icon.png */ = {isa = PBXFileReference; lastKnownFileType = image.png; name = "target-icon.png"; path = "Layout/target-icon.png"; sourceTree = "<group>"; };
		FB62D392130C868400E6071E /* bike.jpeg */ = {isa = PBXFileReference; lastKnownFileType = image.jpeg; path = bike.jpeg; sourceTree = "<group>"; };
		FB62D394130C86B400E6071E /* PlanOverviewViewController.h */ = {isa = PBXFileReference; fileEncoding = 4; lastKnownFileType = sourcecode.c.h; path = PlanOverviewViewController.h; sourceTree = "<group>"; };
		FB62D395130C86B400E6071E /* PlanOverviewViewController.m */ = {isa = PBXFileReference; fileEncoding = 4; lastKnownFileType = sourcecode.c.objc; path = PlanOverviewViewController.m; sourceTree = "<group>"; };
		FB62D396130C86B400E6071E /* PlanOverviewViewController.xib */ = {isa = PBXFileReference; lastKnownFileType = file.xib; path = PlanOverviewViewController.xib; sourceTree = "<group>"; };
		FB62D39B130C872F00E6071E /* 15px-shadow-tile.png */ = {isa = PBXFileReference; lastKnownFileType = image.png; path = "15px-shadow-tile.png"; sourceTree = "<group>"; };
		FB6FA54013438EE7001A6298 /* IncentiveAccomplishmentTableViewCell.h */ = {isa = PBXFileReference; fileEncoding = 4; lastKnownFileType = sourcecode.c.h; path = IncentiveAccomplishmentTableViewCell.h; sourceTree = "<group>"; };
		FB6FA54113438EE7001A6298 /* IncentiveAccomplishmentTableViewCell.m */ = {isa = PBXFileReference; fileEncoding = 4; lastKnownFileType = sourcecode.c.objc; path = IncentiveAccomplishmentTableViewCell.m; sourceTree = "<group>"; };
		FB6FA54313438EE7001A6298 /* IncentiveAccomplishmentTableViewCell.xib */ = {isa = PBXFileReference; lastKnownFileType = file.xib; path = IncentiveAccomplishmentTableViewCell.xib; sourceTree = "<group>"; };
		FBAC20BA131947C9003F321D /* LevousCore.xcodeproj */ = {isa = PBXFileReference; lastKnownFileType = "wrapper.pb-project"; name = LevousCore.xcodeproj; path = "../../Levous-iOS-Core/source/LevousCore.xcodeproj"; sourceTree = SOURCE_ROOT; };
		FBAC223E131C5278003F321D /* LevousCoreHeadersImportAll.h */ = {isa = PBXFileReference; fileEncoding = 4; lastKnownFileType = sourcecode.c.h; name = LevousCoreHeadersImportAll.h; path = "../../Levous-iOS-Core/source/LevousCoreHeaders/LevousCoreHeadersImportAll.h"; sourceTree = SOURCE_ROOT; };
		FBAC223F131C5278003F321D /* LVConstants.h */ = {isa = PBXFileReference; fileEncoding = 4; lastKnownFileType = sourcecode.c.h; name = LVConstants.h; path = "../../Levous-iOS-Core/source/LevousCoreHeaders/LVConstants.h"; sourceTree = SOURCE_ROOT; };
		FBAC2240131C5278003F321D /* LVCoreDataManager.h */ = {isa = PBXFileReference; fileEncoding = 4; lastKnownFileType = sourcecode.c.h; name = LVCoreDataManager.h; path = "../../Levous-iOS-Core/source/LevousCoreHeaders/LVCoreDataManager.h"; sourceTree = SOURCE_ROOT; };
		FBAC2241131C5278003F321D /* LVInstrumentationController.h */ = {isa = PBXFileReference; fileEncoding = 4; lastKnownFileType = sourcecode.c.h; name = LVInstrumentationController.h; path = "../../Levous-iOS-Core/source/LevousCoreHeaders/LVInstrumentationController.h"; sourceTree = SOURCE_ROOT; };
		FBAC2242131C5278003F321D /* LVStyleSheet.h */ = {isa = PBXFileReference; fileEncoding = 4; lastKnownFileType = sourcecode.c.h; name = LVStyleSheet.h; path = "../../Levous-iOS-Core/source/LevousCoreHeaders/LVStyleSheet.h"; sourceTree = SOURCE_ROOT; };
		FBAC2243131C5278003F321D /* LVTextStyle.h */ = {isa = PBXFileReference; fileEncoding = 4; lastKnownFileType = sourcecode.c.h; name = LVTextStyle.h; path = "../../Levous-iOS-Core/source/LevousCoreHeaders/LVTextStyle.h"; sourceTree = SOURCE_ROOT; };
		FBAC2244131C5278003F321D /* NSManagedObject+Levous.h */ = {isa = PBXFileReference; fileEncoding = 4; lastKnownFileType = sourcecode.c.h; name = "NSManagedObject+Levous.h"; path = "../../Levous-iOS-Core/source/LevousCoreHeaders/NSManagedObject+Levous.h"; sourceTree = SOURCE_ROOT; };
		FBAC2245131C5278003F321D /* NSMutableArray.h */ = {isa = PBXFileReference; fileEncoding = 4; lastKnownFileType = sourcecode.c.h; name = NSMutableArray.h; path = "../../Levous-iOS-Core/source/LevousCoreHeaders/NSMutableArray.h"; sourceTree = SOURCE_ROOT; };
		FBAC2246131C5278003F321D /* NSObject.h */ = {isa = PBXFileReference; fileEncoding = 4; lastKnownFileType = sourcecode.c.h; name = NSObject.h; path = "../../Levous-iOS-Core/source/LevousCoreHeaders/NSObject.h"; sourceTree = SOURCE_ROOT; };
		FBAC2247131C5278003F321D /* NSString.h */ = {isa = PBXFileReference; fileEncoding = 4; lastKnownFileType = sourcecode.c.h; name = NSString.h; path = "../../Levous-iOS-Core/source/LevousCoreHeaders/NSString.h"; sourceTree = SOURCE_ROOT; };
		FBAC2248131C5278003F321D /* SDTableViewController.h */ = {isa = PBXFileReference; fileEncoding = 4; lastKnownFileType = sourcecode.c.h; name = SDTableViewController.h; path = "../../Levous-iOS-Core/source/LevousCoreHeaders/SDTableViewController.h"; sourceTree = SOURCE_ROOT; };
		FBAC2249131C5278003F321D /* SimpleModel.h */ = {isa = PBXFileReference; fileEncoding = 4; lastKnownFileType = sourcecode.c.h; name = SimpleModel.h; path = "../../Levous-iOS-Core/source/LevousCoreHeaders/SimpleModel.h"; sourceTree = SOURCE_ROOT; };
		FBAC224A131C5278003F321D /* SimpleStore.h */ = {isa = PBXFileReference; fileEncoding = 4; lastKnownFileType = sourcecode.c.h; name = SimpleStore.h; path = "../../Levous-iOS-Core/source/LevousCoreHeaders/SimpleStore.h"; sourceTree = SOURCE_ROOT; };
		FBAC224B131C5278003F321D /* UIApplication.h */ = {isa = PBXFileReference; fileEncoding = 4; lastKnownFileType = sourcecode.c.h; name = UIApplication.h; path = "../../Levous-iOS-Core/source/LevousCoreHeaders/UIApplication.h"; sourceTree = SOURCE_ROOT; };
		FBAC224C131C5278003F321D /* UITableViewCell+CustomNib.h */ = {isa = PBXFileReference; fileEncoding = 4; lastKnownFileType = sourcecode.c.h; name = "UITableViewCell+CustomNib.h"; path = "../../Levous-iOS-Core/source/LevousCoreHeaders/UITableViewCell+CustomNib.h"; sourceTree = SOURCE_ROOT; };
		FBAC2311131D5B27003F321D /* ModelImports.h */ = {isa = PBXFileReference; fileEncoding = 4; lastKnownFileType = sourcecode.c.h; path = ModelImports.h; sourceTree = "<group>"; };
		FBAC2488131D9F62003F321D /* LVFetchedResultsControllerTableViewDataSource.h */ = {isa = PBXFileReference; fileEncoding = 4; lastKnownFileType = sourcecode.c.h; path = LVFetchedResultsControllerTableViewDataSource.h; sourceTree = "<group>"; };
		FBAC2490131DA053003F321D /* EducentiveCoreDataManager.h */ = {isa = PBXFileReference; fileEncoding = 4; lastKnownFileType = sourcecode.c.h; path = EducentiveCoreDataManager.h; sourceTree = "<group>"; };
		FBAC2491131DA053003F321D /* EducentiveCoreDataManager.m */ = {isa = PBXFileReference; fileEncoding = 4; lastKnownFileType = sourcecode.c.objc; path = EducentiveCoreDataManager.m; sourceTree = "<group>"; };
		FBC9F15812D8C25600BEF45A /* LICENSE AGREEMENT.rtf */ = {isa = PBXFileReference; lastKnownFileType = text.rtf; path = "LICENSE AGREEMENT.rtf"; sourceTree = "<group>"; };
		FBC9F15912D8C25600BEF45A /* SCBadgeView.h */ = {isa = PBXFileReference; fileEncoding = 4; lastKnownFileType = sourcecode.c.h; path = SCBadgeView.h; sourceTree = "<group>"; };
		FBC9F15A12D8C25600BEF45A /* SCBadgeView.m */ = {isa = PBXFileReference; fileEncoding = 4; lastKnownFileType = sourcecode.c.objc; path = SCBadgeView.m; sourceTree = "<group>"; };
		FBC9F15B12D8C25600BEF45A /* SCClassDefinition.h */ = {isa = PBXFileReference; fileEncoding = 4; lastKnownFileType = sourcecode.c.h; path = SCClassDefinition.h; sourceTree = "<group>"; };
		FBC9F15C12D8C25600BEF45A /* SCClassDefinition.m */ = {isa = PBXFileReference; fileEncoding = 4; lastKnownFileType = sourcecode.c.objc; path = SCClassDefinition.m; sourceTree = "<group>"; };
		FBC9F15D12D8C25600BEF45A /* SCGlobals.h */ = {isa = PBXFileReference; fileEncoding = 4; lastKnownFileType = sourcecode.c.h; path = SCGlobals.h; sourceTree = "<group>"; };
		FBC9F15E12D8C25600BEF45A /* SCGlobals.m */ = {isa = PBXFileReference; fileEncoding = 4; lastKnownFileType = sourcecode.c.objc; path = SCGlobals.m; sourceTree = "<group>"; };
		FBC9F15F12D8C25600BEF45A /* SCPropertyAttributes.h */ = {isa = PBXFileReference; fileEncoding = 4; lastKnownFileType = sourcecode.c.h; path = SCPropertyAttributes.h; sourceTree = "<group>"; };
		FBC9F16012D8C25600BEF45A /* SCPropertyAttributes.m */ = {isa = PBXFileReference; fileEncoding = 4; lastKnownFileType = sourcecode.c.objc; path = SCPropertyAttributes.m; sourceTree = "<group>"; };
		FBC9F16112D8C25600BEF45A /* SCTableViewCell.h */ = {isa = PBXFileReference; fileEncoding = 4; lastKnownFileType = sourcecode.c.h; path = SCTableViewCell.h; sourceTree = "<group>"; };
		FBC9F16212D8C25600BEF45A /* SCTableViewCell.m */ = {isa = PBXFileReference; fileEncoding = 4; lastKnownFileType = sourcecode.c.objc; path = SCTableViewCell.m; sourceTree = "<group>"; };
		FBC9F16312D8C25600BEF45A /* SCTableViewController.h */ = {isa = PBXFileReference; fileEncoding = 4; lastKnownFileType = sourcecode.c.h; path = SCTableViewController.h; sourceTree = "<group>"; };
		FBC9F16412D8C25600BEF45A /* SCTableViewController.m */ = {isa = PBXFileReference; fileEncoding = 4; lastKnownFileType = sourcecode.c.objc; path = SCTableViewController.m; sourceTree = "<group>"; };
		FBC9F16512D8C25600BEF45A /* SCTableViewModel.h */ = {isa = PBXFileReference; fileEncoding = 4; lastKnownFileType = sourcecode.c.h; path = SCTableViewModel.h; sourceTree = "<group>"; };
		FBC9F16612D8C25600BEF45A /* SCTableViewModel.m */ = {isa = PBXFileReference; fileEncoding = 4; lastKnownFileType = sourcecode.c.objc; path = SCTableViewModel.m; sourceTree = "<group>"; };
		FBC9F16712D8C25600BEF45A /* SCTableViewSection.h */ = {isa = PBXFileReference; fileEncoding = 4; lastKnownFileType = sourcecode.c.h; path = SCTableViewSection.h; sourceTree = "<group>"; };
		FBC9F16812D8C25600BEF45A /* SCTableViewSection.m */ = {isa = PBXFileReference; fileEncoding = 4; lastKnownFileType = sourcecode.c.objc; path = SCTableViewSection.m; sourceTree = "<group>"; };
		FBC9F16912D8C25600BEF45A /* SCViewController.h */ = {isa = PBXFileReference; fileEncoding = 4; lastKnownFileType = sourcecode.c.h; path = SCViewController.h; sourceTree = "<group>"; };
		FBC9F16A12D8C25600BEF45A /* SCViewController.m */ = {isa = PBXFileReference; fileEncoding = 4; lastKnownFileType = sourcecode.c.objc; path = SCViewController.m; sourceTree = "<group>"; };
		FBC9F23D12D8C32F00BEF45A /* PlanViewController.xib */ = {isa = PBXFileReference; lastKnownFileType = file.xib; path = PlanViewController.xib; sourceTree = "<group>"; };
		FBC9F23E12D8C32F00BEF45A /* PlanViewController.m */ = {isa = PBXFileReference; fileEncoding = 4; lastKnownFileType = sourcecode.c.objc; path = PlanViewController.m; sourceTree = "<group>"; };
		FBC9F23F12D8C32F00BEF45A /* PlanViewController.h */ = {isa = PBXFileReference; fileEncoding = 4; lastKnownFileType = sourcecode.c.h; path = PlanViewController.h; sourceTree = "<group>"; };
/* End PBXFileReference section */

/* Begin PBXFrameworksBuildPhase section */
		1D60588F0D05DD3D006BFB54 /* Frameworks */ = {
			isa = PBXFrameworksBuildPhase;
			buildActionMask = 2147483647;
			files = (
				1D60589F0D05DD5A006BFB54 /* Foundation.framework in Frameworks */,
				1DF5F4E00D08C38300B7A737 /* UIKit.framework in Frameworks */,
				2892E4100DC94CBA00A64D0F /* CoreGraphics.framework in Frameworks */,
				28860BE50F44EE6400985440 /* CoreData.framework in Frameworks */,
				FBAC20C9131947EC003F321D /* libLevousCore.a in Frameworks */,
			);
			runOnlyForDeploymentPostprocessing = 0;
		};
/* End PBXFrameworksBuildPhase section */

/* Begin PBXGroup section */
		080E96DDFE201D6D7F000001 /* Classes */ = {
			isa = PBXGroup;
			children = (
				FB6FA53E13438EE7001A6298 /* Views */,
				FB293EF5131942E5009CDB1B /* CoreData */,
				FB293EE713194183009CDB1B /* Model */,
				FBC9F23F12D8C32F00BEF45A /* PlanViewController.h */,
				FBC9F23E12D8C32F00BEF45A /* PlanViewController.m */,
				FBC9F23D12D8C32F00BEF45A /* PlanViewController.xib */,
				28C286DF0D94DF7D0034E888 /* RootViewController.h */,
				28C286E00D94DF7D0034E888 /* RootViewController.m */,
				1D3623240D0F684500981E51 /* EducentivePlaygroundAppDelegate.h */,
				1D3623250D0F684500981E51 /* EducentivePlaygroundAppDelegate.m */,
				FB62D394130C86B400E6071E /* PlanOverviewViewController.h */,
				FB62D395130C86B400E6071E /* PlanOverviewViewController.m */,
				FB62D396130C86B400E6071E /* PlanOverviewViewController.xib */,
				FB293FB4131946BA009CDB1B /* LVConstants.h */,
			);
			path = Classes;
			sourceTree = "<group>";
		};
		19C28FACFE9D520D11CA2CBB /* Products */ = {
			isa = PBXGroup;
			children = (
				1D6058910D05DD3D006BFB54 /* EducentivePlayground.app */,
			);
			name = Products;
			sourceTree = "<group>";
		};
		29B97314FDCFA39411CA2CEA /* CustomTemplate */ = {
			isa = PBXGroup;
			children = (
				080E96DDFE201D6D7F000001 /* Classes */,
				FBC9F05D12D8C25600BEF45A /* Libraries */,
				29B97315FDCFA39411CA2CEA /* Other Sources */,
				29B97317FDCFA39411CA2CEA /* Resources */,
				29B97323FDCFA39411CA2CEA /* Frameworks */,
				19C28FACFE9D520D11CA2CBB /* Products */,
			);
			name = CustomTemplate;
			sourceTree = "<group>";
		};
		29B97315FDCFA39411CA2CEA /* Other Sources */ = {
			isa = PBXGroup;
			children = (
				28A0AAE50D9B0CCF005BE974 /* EducentivePlayground_Prefix.pch */,
				29B97316FDCFA39411CA2CEA /* main.m */,
			);
			name = "Other Sources";
			sourceTree = "<group>";
		};
		29B97317FDCFA39411CA2CEA /* Resources */ = {
			isa = PBXGroup;
			children = (
				FB62D391130C868400E6071E /* images */,
				28D3F201112F7DC200FD0661 /* EducentivePlayground.xcdatamodeld */,
				2899E55F0DE3E45000AC0155 /* RootViewController.xib */,
				28AD735F0D9D9599002E5188 /* MainWindow.xib */,
				8D1107310486CEB800E47090 /* EducentivePlayground-Info.plist */,
			);
			name = Resources;
			sourceTree = "<group>";
		};
		29B97323FDCFA39411CA2CEA /* Frameworks */ = {
			isa = PBXGroup;
			children = (
				1DF5F4DF0D08C38300B7A737 /* UIKit.framework */,
				1D30AB110D05D00D00671497 /* Foundation.framework */,
				2892E40F0DC94CBA00A64D0F /* CoreGraphics.framework */,
				28860BE40F44EE6400985440 /* CoreData.framework */,
			);
			name = Frameworks;
			sourceTree = "<group>";
		};
		FB293EE713194183009CDB1B /* Model */ = {
			isa = PBXGroup;
			children = (
				FB293EE8131941DD009CDB1B /* IncentiveReward.h */,
				FB293EE9131941DD009CDB1B /* IncentiveReward.m */,
				FB293EEA131941DD009CDB1B /* IncentiveAccomplishment.h */,
				FB293EEB131941DD009CDB1B /* IncentiveAccomplishment.m */,
				FB293EEC131941DD009CDB1B /* IncentivePlan.h */,
				FB293EED131941DD009CDB1B /* IncentivePlan.m */,
				FBAC2311131D5B27003F321D /* ModelImports.h */,
			);
			path = Model;
			sourceTree = "<group>";
		};
		FB293EF5131942E5009CDB1B /* CoreData */ = {
			isa = PBXGroup;
			children = (
				FBAC2490131DA053003F321D /* EducentiveCoreDataManager.h */,
				FBAC2491131DA053003F321D /* EducentiveCoreDataManager.m */,
			);
			path = CoreData;
			sourceTree = "<group>";
		};
		FB62D391130C868400E6071E /* images */ = {
			isa = PBXGroup;
			children = (
				FB5401F71315C0BA00DD2042 /* target-icon.png */,
				FB62D39A130C872F00E6071E /* Layout */,
				FB62D392130C868400E6071E /* bike.jpeg */,
			);
			name = images;
			path = Resources/images;
			sourceTree = "<group>";
		};
		FB62D39A130C872F00E6071E /* Layout */ = {
			isa = PBXGroup;
			children = (
				FB62D39B130C872F00E6071E /* 15px-shadow-tile.png */,
			);
			path = Layout;
			sourceTree = "<group>";
		};
		FB6FA53E13438EE7001A6298 /* Views */ = {
			isa = PBXGroup;
			children = (
				FB6FA53F13438EE7001A6298 /* CustomTableCells */,
			);
			path = Views;
			sourceTree = "<group>";
		};
		FB6FA53F13438EE7001A6298 /* CustomTableCells */ = {
			isa = PBXGroup;
			children = (
				FB6FA54013438EE7001A6298 /* IncentiveAccomplishmentTableViewCell.h */,
				FB6FA54113438EE7001A6298 /* IncentiveAccomplishmentTableViewCell.m */,
				FB6FA54313438EE7001A6298 /* IncentiveAccomplishmentTableViewCell.xib */,
			);
			path = CustomTableCells;
			sourceTree = "<group>";
		};
		FBAC20BB131947C9003F321D /* Products */ = {
			isa = PBXGroup;
			children = (
				FBAC20C2131947C9003F321D /* libLevousCore.a */,
				A99F706713F330D90063455C /* LevousCoreTests.app */,
			);
			name = Products;
			sourceTree = "<group>";
		};
		FBAC20C5131947DC003F321D /* LevousCore */ = {
			isa = PBXGroup;
			children = (
				FBAC223D131C5278003F321D /* LevousCoreHeaders */,
				FBAC20BA131947C9003F321D /* LevousCore.xcodeproj */,
			);
			name = LevousCore;
			sourceTree = "<group>";
		};
		FBAC223D131C5278003F321D /* LevousCoreHeaders */ = {
			isa = PBXGroup;
			children = (
				FBAC2488131D9F62003F321D /* LVFetchedResultsControllerTableViewDataSource.h */,
				FBAC223E131C5278003F321D /* LevousCoreHeadersImportAll.h */,
				FBAC223F131C5278003F321D /* LVConstants.h */,
				FBAC2240131C5278003F321D /* LVCoreDataManager.h */,
				FBAC2241131C5278003F321D /* LVInstrumentationController.h */,
				FBAC2242131C5278003F321D /* LVStyleSheet.h */,
				FBAC2243131C5278003F321D /* LVTextStyle.h */,
				FBAC2244131C5278003F321D /* NSManagedObject+Levous.h */,
				FBAC2245131C5278003F321D /* NSMutableArray.h */,
				FBAC2246131C5278003F321D /* NSObject.h */,
				FBAC2247131C5278003F321D /* NSString.h */,
				FBAC2248131C5278003F321D /* SDTableViewController.h */,
				FBAC2249131C5278003F321D /* SimpleModel.h */,
				FBAC224A131C5278003F321D /* SimpleStore.h */,
				FBAC224B131C5278003F321D /* UIApplication.h */,
				FBAC224C131C5278003F321D /* UITableViewCell+CustomNib.h */,
			);
			name = LevousCoreHeaders;
			path = "../../Levous-iOS-Core/source/LevousCoreHeaders";
			sourceTree = SOURCE_ROOT;
		};
		FBC9F05D12D8C25600BEF45A /* Libraries */ = {
			isa = PBXGroup;
			children = (
				FBAC20C5131947DC003F321D /* LevousCore */,
				FBC9F06112D8C25600BEF45A /* Sensible TableView v1.6.9 */,
			);
			path = Libraries;
			sourceTree = "<group>";
		};
		FBC9F06112D8C25600BEF45A /* Sensible TableView v1.6.9 */ = {
			isa = PBXGroup;
			children = (
				FBC9F15712D8C25600BEF45A /* Sensible TableView */,
			);
			path = "Sensible TableView v1.6.9";
			sourceTree = "<group>";
		};
		FBC9F15712D8C25600BEF45A /* Sensible TableView */ = {
			isa = PBXGroup;
			children = (
				FBC9F15812D8C25600BEF45A /* LICENSE AGREEMENT.rtf */,
				FBC9F15912D8C25600BEF45A /* SCBadgeView.h */,
				FBC9F15A12D8C25600BEF45A /* SCBadgeView.m */,
				FBC9F15B12D8C25600BEF45A /* SCClassDefinition.h */,
				FBC9F15C12D8C25600BEF45A /* SCClassDefinition.m */,
				FBC9F15D12D8C25600BEF45A /* SCGlobals.h */,
				FBC9F15E12D8C25600BEF45A /* SCGlobals.m */,
				FBC9F15F12D8C25600BEF45A /* SCPropertyAttributes.h */,
				FBC9F16012D8C25600BEF45A /* SCPropertyAttributes.m */,
				FBC9F16112D8C25600BEF45A /* SCTableViewCell.h */,
				FBC9F16212D8C25600BEF45A /* SCTableViewCell.m */,
				FBC9F16312D8C25600BEF45A /* SCTableViewController.h */,
				FBC9F16412D8C25600BEF45A /* SCTableViewController.m */,
				FBC9F16512D8C25600BEF45A /* SCTableViewModel.h */,
				FBC9F16612D8C25600BEF45A /* SCTableViewModel.m */,
				FBC9F16712D8C25600BEF45A /* SCTableViewSection.h */,
				FBC9F16812D8C25600BEF45A /* SCTableViewSection.m */,
				FBC9F16912D8C25600BEF45A /* SCViewController.h */,
				FBC9F16A12D8C25600BEF45A /* SCViewController.m */,
			);
			path = "Sensible TableView";
			sourceTree = "<group>";
		};
/* End PBXGroup section */

/* Begin PBXNativeTarget section */
		1D6058900D05DD3D006BFB54 /* EducentivePlayground */ = {
			isa = PBXNativeTarget;
			buildConfigurationList = 1D6058960D05DD3E006BFB54 /* Build configuration list for PBXNativeTarget "EducentivePlayground" */;
			buildPhases = (
				1D60588D0D05DD3D006BFB54 /* Resources */,
				1D60588E0D05DD3D006BFB54 /* Sources */,
				1D60588F0D05DD3D006BFB54 /* Frameworks */,
			);
			buildRules = (
			);
			dependencies = (
				FBAC20CB131947FB003F321D /* PBXTargetDependency */,
			);
			name = EducentivePlayground;
			productName = EducentivePlayground;
			productReference = 1D6058910D05DD3D006BFB54 /* EducentivePlayground.app */;
			productType = "com.apple.product-type.application";
		};
/* End PBXNativeTarget section */

/* Begin PBXProject section */
		29B97313FDCFA39411CA2CEA /* Project object */ = {
			isa = PBXProject;
			buildConfigurationList = C01FCF4E08A954540054247B /* Build configuration list for PBXProject "EducentivePlayground" */;
			compatibilityVersion = "Xcode 3.1";
			developmentRegion = English;
			hasScannedForEncodings = 1;
			knownRegions = (
				English,
				Japanese,
				French,
				German,
				en,
			);
			mainGroup = 29B97314FDCFA39411CA2CEA /* CustomTemplate */;
			projectDirPath = "";
			projectReferences = (
				{
					ProductGroup = FBAC20BB131947C9003F321D /* Products */;
					ProjectRef = FBAC20BA131947C9003F321D /* LevousCore.xcodeproj */;
				},
			);
			projectRoot = "";
			targets = (
				1D6058900D05DD3D006BFB54 /* EducentivePlayground */,
			);
		};
/* End PBXProject section */

/* Begin PBXReferenceProxy section */
		A99F706713F330D90063455C /* LevousCoreTests.app */ = {
			isa = PBXReferenceProxy;
			fileType = wrapper.application;
			path = LevousCoreTests.app;
			remoteRef = A99F706613F330D90063455C /* PBXContainerItemProxy */;
			sourceTree = BUILT_PRODUCTS_DIR;
		};
		FBAC20C2131947C9003F321D /* libLevousCore.a */ = {
			isa = PBXReferenceProxy;
			fileType = archive.ar;
			path = libLevousCore.a;
			remoteRef = FBAC20C1131947C9003F321D /* PBXContainerItemProxy */;
			sourceTree = BUILT_PRODUCTS_DIR;
		};
/* End PBXReferenceProxy section */

/* Begin PBXResourcesBuildPhase section */
		1D60588D0D05DD3D006BFB54 /* Resources */ = {
			isa = PBXResourcesBuildPhase;
			buildActionMask = 2147483647;
			files = (
				28AD73600D9D9599002E5188 /* MainWindow.xib in Resources */,
				2899E5600DE3E45000AC0155 /* RootViewController.xib in Resources */,
				FBC9F20D12D8C25600BEF45A /* LICENSE AGREEMENT.rtf in Resources */,
				FBC9F24012D8C32F00BEF45A /* PlanViewController.xib in Resources */,
				FB62D393130C868400E6071E /* bike.jpeg in Resources */,
				FB62D398130C86B400E6071E /* PlanOverviewViewController.xib in Resources */,
				FB62D39C130C872F00E6071E /* 15px-shadow-tile.png in Resources */,
				FB5401F81315C0BA00DD2042 /* target-icon.png in Resources */,
				FB6FA54413438EE7001A6298 /* IncentiveAccomplishmentTableViewCell.xib in Resources */,
			);
			runOnlyForDeploymentPostprocessing = 0;
		};
/* End PBXResourcesBuildPhase section */

/* Begin PBXSourcesBuildPhase section */
		1D60588E0D05DD3D006BFB54 /* Sources */ = {
			isa = PBXSourcesBuildPhase;
			buildActionMask = 2147483647;
			files = (
				1D60589B0D05DD56006BFB54 /* main.m in Sources */,
				1D3623260D0F684500981E51 /* EducentivePlaygroundAppDelegate.m in Sources */,
				28C286E10D94DF7D0034E888 /* RootViewController.m in Sources */,
				28D3F202112F7DC200FD0661 /* EducentivePlayground.xcdatamodeld in Sources */,
				FBC9F20E12D8C25600BEF45A /* SCBadgeView.m in Sources */,
				FBC9F20F12D8C25600BEF45A /* SCClassDefinition.m in Sources */,
				FBC9F21012D8C25600BEF45A /* SCGlobals.m in Sources */,
				FBC9F21112D8C25600BEF45A /* SCPropertyAttributes.m in Sources */,
				FBC9F21212D8C25600BEF45A /* SCTableViewCell.m in Sources */,
				FBC9F21312D8C25600BEF45A /* SCTableViewController.m in Sources */,
				FBC9F21412D8C25600BEF45A /* SCTableViewModel.m in Sources */,
				FBC9F21512D8C25600BEF45A /* SCTableViewSection.m in Sources */,
				FBC9F21612D8C25600BEF45A /* SCViewController.m in Sources */,
				FBC9F24112D8C32F00BEF45A /* PlanViewController.m in Sources */,
				FB62D397130C86B400E6071E /* PlanOverviewViewController.m in Sources */,
				FB293EEE131941DD009CDB1B /* IncentiveReward.m in Sources */,
				FB293EEF131941DD009CDB1B /* IncentiveAccomplishment.m in Sources */,
				FB293EF0131941DD009CDB1B /* IncentivePlan.m in Sources */,
				FBAC2492131DA053003F321D /* EducentiveCoreDataManager.m in Sources */,
				FB6FA54213438EE7001A6298 /* IncentiveAccomplishmentTableViewCell.m in Sources */,
			);
			runOnlyForDeploymentPostprocessing = 0;
		};
/* End PBXSourcesBuildPhase section */

/* Begin PBXTargetDependency section */
		FBAC20CB131947FB003F321D /* PBXTargetDependency */ = {
			isa = PBXTargetDependency;
			name = LevousCore;
			targetProxy = FBAC20CA131947FB003F321D /* PBXContainerItemProxy */;
		};
/* End PBXTargetDependency section */

/* Begin XCBuildConfiguration section */
		1D6058940D05DD3E006BFB54 /* Debug */ = {
			isa = XCBuildConfiguration;
			buildSettings = {
				ALWAYS_SEARCH_USER_PATHS = NO;
				COPY_PHASE_STRIP = NO;
				FRAMEWORK_SEARCH_PATHS = "$(inherited)";
				GCC_DYNAMIC_NO_PIC = NO;
				GCC_OPTIMIZATION_LEVEL = 0;
				GCC_PRECOMPILE_PREFIX_HEADER = YES;
				GCC_PREFIX_HEADER = EducentivePlayground_Prefix.pch;
				INFOPLIST_FILE = "EducentivePlayground-Info.plist";
				PRODUCT_NAME = EducentivePlayground;
			};
			name = Debug;
		};
		1D6058950D05DD3E006BFB54 /* Release */ = {
			isa = XCBuildConfiguration;
			buildSettings = {
				ALWAYS_SEARCH_USER_PATHS = NO;
				COPY_PHASE_STRIP = YES;
				FRAMEWORK_SEARCH_PATHS = (
					"$(inherited)",
					"\"$(SRCROOT)/Libraries/libGHUnitIPhone4_0-0\"",
				);
				GCC_PRECOMPILE_PREFIX_HEADER = YES;
				GCC_PREFIX_HEADER = EducentivePlayground_Prefix.pch;
				INFOPLIST_FILE = "EducentivePlayground-Info.plist";
				PRODUCT_NAME = EducentivePlayground;
				VALIDATE_PRODUCT = YES;
			};
			name = Release;
		};
		C01FCF4F08A954540054247B /* Debug */ = {
			isa = XCBuildConfiguration;
			buildSettings = {
				ARCHS = "$(ARCHS_STANDARD_32_BIT)";
				"CODE_SIGN_IDENTITY[sdk=iphoneos*]" = "iPhone Developer";
				GCC_C_LANGUAGE_STANDARD = c99;
				GCC_WARN_ABOUT_RETURN_TYPE = YES;
				GCC_WARN_UNUSED_VARIABLE = YES;
				HEADER_SEARCH_PATHS = (
					"../../Levous-iOS-Core/source",
					../three20/Build/Products/three20,
				);
				OTHER_LDFLAGS = (
					"-ObjC",
					"-all_load",
				);
				PREBINDING = NO;
				SDKROOT = iphoneos;
			};
			name = Debug;
		};
		C01FCF5008A954540054247B /* Release */ = {
			isa = XCBuildConfiguration;
			buildSettings = {
				ARCHS = "$(ARCHS_STANDARD_32_BIT)";
				"CODE_SIGN_IDENTITY[sdk=iphoneos*]" = "iPhone Developer";
				GCC_C_LANGUAGE_STANDARD = c99;
				GCC_WARN_ABOUT_RETURN_TYPE = YES;
				GCC_WARN_UNUSED_VARIABLE = YES;
				OTHER_CFLAGS = "-DNS_BLOCK_ASSERTIONS=1";
				PREBINDING = NO;
				SDKROOT = iphoneos;
			};
			name = Release;
		};
/* End XCBuildConfiguration section */

/* Begin XCConfigurationList section */
		1D6058960D05DD3E006BFB54 /* Build configuration list for PBXNativeTarget "EducentivePlayground" */ = {
			isa = XCConfigurationList;
			buildConfigurations = (
				1D6058940D05DD3E006BFB54 /* Debug */,
				1D6058950D05DD3E006BFB54 /* Release */,
			);
			defaultConfigurationIsVisible = 0;
			defaultConfigurationName = Release;
		};
		C01FCF4E08A954540054247B /* Build configuration list for PBXProject "EducentivePlayground" */ = {
			isa = XCConfigurationList;
			buildConfigurations = (
				C01FCF4F08A954540054247B /* Debug */,
				C01FCF5008A954540054247B /* Release */,
			);
			defaultConfigurationIsVisible = 0;
			defaultConfigurationName = Release;
		};
/* End XCConfigurationList section */

/* Begin XCVersionGroup section */
		28D3F201112F7DC200FD0661 /* EducentivePlayground.xcdatamodeld */ = {
			isa = XCVersionGroup;
			children = (
				28860B760F44E54D00985440 /* EducentivePlayground.xcdatamodel */,
			);
			currentVersion = 28860B760F44E54D00985440 /* EducentivePlayground.xcdatamodel */;
			path = EducentivePlayground.xcdatamodeld;
			sourceTree = "<group>";
			versionGroupType = wrapper.xcdatamodel;
		};
/* End XCVersionGroup section */
	};
	rootObject = 29B97313FDCFA39411CA2CEA /* Project object */;
}
