// !$*UTF8*$!
{
	archiveVersion = 1;
	classes = {
	};
	objectVersion = 46;
	objects = {

/* Begin PBXBuildFile section */
		A9265164140740D800AE321F /* CoreData.framework in Frameworks */ = {isa = PBXBuildFile; fileRef = A9265163140740D800AE321F /* CoreData.framework */; };
		A962AEDD140067E8007DA495 /* UIKit.framework in Frameworks */ = {isa = PBXBuildFile; fileRef = A962AEDC140067E8007DA495 /* UIKit.framework */; };
		A962AEDF140067E8007DA495 /* Foundation.framework in Frameworks */ = {isa = PBXBuildFile; fileRef = A962AEDE140067E8007DA495 /* Foundation.framework */; };
		A962AEE1140067E8007DA495 /* CoreGraphics.framework in Frameworks */ = {isa = PBXBuildFile; fileRef = A962AEE0140067E8007DA495 /* CoreGraphics.framework */; };
		A962AEE7140067E8007DA495 /* InfoPlist.strings in Resources */ = {isa = PBXBuildFile; fileRef = A962AEE5140067E8007DA495 /* InfoPlist.strings */; };
		A962AEE9140067E8007DA495 /* main.m in Sources */ = {isa = PBXBuildFile; fileRef = A962AEE8140067E8007DA495 /* main.m */; };
		A962AEED140067E8007DA495 /* EducentivesAppDelegate.m in Sources */ = {isa = PBXBuildFile; fileRef = A962AEEC140067E8007DA495 /* EducentivesAppDelegate.m */; };
		A962AEF1140067E8007DA495 /* EducentivesAppDelegate_iPhone.m in Sources */ = {isa = PBXBuildFile; fileRef = A962AEF0140067E8007DA495 /* EducentivesAppDelegate_iPhone.m */; };
		A962AEF4140067E8007DA495 /* MainWindow_iPhone.xib in Resources */ = {isa = PBXBuildFile; fileRef = A962AEF2140067E8007DA495 /* MainWindow_iPhone.xib */; };
		A962AEF8140067E8007DA495 /* EducentivesAppDelegate_iPad.m in Sources */ = {isa = PBXBuildFile; fileRef = A962AEF7140067E8007DA495 /* EducentivesAppDelegate_iPad.m */; };
		A962AEFB140067E9007DA495 /* MainWindow_iPad.xib in Resources */ = {isa = PBXBuildFile; fileRef = A962AEF9140067E9007DA495 /* MainWindow_iPad.xib */; };
		A962AF03140067E9007DA495 /* SenTestingKit.framework in Frameworks */ = {isa = PBXBuildFile; fileRef = A962AF02140067E9007DA495 /* SenTestingKit.framework */; };
		A962AF04140067E9007DA495 /* UIKit.framework in Frameworks */ = {isa = PBXBuildFile; fileRef = A962AEDC140067E8007DA495 /* UIKit.framework */; };
		A962AF05140067E9007DA495 /* Foundation.framework in Frameworks */ = {isa = PBXBuildFile; fileRef = A962AEDE140067E8007DA495 /* Foundation.framework */; };
		A962AF06140067E9007DA495 /* CoreGraphics.framework in Frameworks */ = {isa = PBXBuildFile; fileRef = A962AEE0140067E8007DA495 /* CoreGraphics.framework */; };
		A962AF0E140067E9007DA495 /* InfoPlist.strings in Resources */ = {isa = PBXBuildFile; fileRef = A962AF0C140067E9007DA495 /* InfoPlist.strings */; };
		A962AF10140067E9007DA495 /* EducentivesTests.h in Resources */ = {isa = PBXBuildFile; fileRef = A962AF0F140067E9007DA495 /* EducentivesTests.h */; };
		A962AF12140067E9007DA495 /* EducentivesTests.m in Sources */ = {isa = PBXBuildFile; fileRef = A962AF11140067E9007DA495 /* EducentivesTests.m */; };
		A962AF1F1400684D007DA495 /* Educentives.xcdatamodeld in Sources */ = {isa = PBXBuildFile; fileRef = A962AF1D1400684D007DA495 /* Educentives.xcdatamodeld */; };
		A962AF201400684D007DA495 /* Educentives.xcdatamodeld in Sources */ = {isa = PBXBuildFile; fileRef = A962AF1D1400684D007DA495 /* Educentives.xcdatamodeld */; };
		FB0B14C11403DBB100A7628B /* Milestone.m in Sources */ = {isa = PBXBuildFile; fileRef = FB0B14C01403DBB100A7628B /* Milestone.m */; };
		FB0B14C21403DBB100A7628B /* Milestone.m in Sources */ = {isa = PBXBuildFile; fileRef = FB0B14C01403DBB100A7628B /* Milestone.m */; };
		FB0B14C51403DBB100A7628B /* StudentGroup.m in Sources */ = {isa = PBXBuildFile; fileRef = FB0B14C41403DBB100A7628B /* StudentGroup.m */; };
		FB0B14C61403DBB100A7628B /* StudentGroup.m in Sources */ = {isa = PBXBuildFile; fileRef = FB0B14C41403DBB100A7628B /* StudentGroup.m */; };
		FB0B14C91403DBB100A7628B /* Goal.m in Sources */ = {isa = PBXBuildFile; fileRef = FB0B14C81403DBB100A7628B /* Goal.m */; };
		FB0B14CA1403DBB100A7628B /* Goal.m in Sources */ = {isa = PBXBuildFile; fileRef = FB0B14C81403DBB100A7628B /* Goal.m */; };
		FB0B14CD1403DBB100A7628B /* Patron.m in Sources */ = {isa = PBXBuildFile; fileRef = FB0B14CC1403DBB100A7628B /* Patron.m */; };
		FB0B14CE1403DBB100A7628B /* Patron.m in Sources */ = {isa = PBXBuildFile; fileRef = FB0B14CC1403DBB100A7628B /* Patron.m */; };
		FB0B14D11403DBB100A7628B /* Teacher.m in Sources */ = {isa = PBXBuildFile; fileRef = FB0B14D01403DBB100A7628B /* Teacher.m */; };
		FB0B14D21403DBB100A7628B /* Teacher.m in Sources */ = {isa = PBXBuildFile; fileRef = FB0B14D01403DBB100A7628B /* Teacher.m */; };
		FB0B14D51403DBB200A7628B /* Student.m in Sources */ = {isa = PBXBuildFile; fileRef = FB0B14D41403DBB200A7628B /* Student.m */; };
		FB0B14D61403DBB200A7628B /* Student.m in Sources */ = {isa = PBXBuildFile; fileRef = FB0B14D41403DBB200A7628B /* Student.m */; };
		FB0B14D91403DBB200A7628B /* AchievementPlan.m in Sources */ = {isa = PBXBuildFile; fileRef = FB0B14D81403DBB200A7628B /* AchievementPlan.m */; };
		FB0B14DA1403DBB200A7628B /* AchievementPlan.m in Sources */ = {isa = PBXBuildFile; fileRef = FB0B14D81403DBB200A7628B /* AchievementPlan.m */; };
		FB0B14DC1403DBE800A7628B /* CoreData.framework in Frameworks */ = {isa = PBXBuildFile; fileRef = FB0B14DB1403DBE800A7628B /* CoreData.framework */; };
		FB0B14DD1403DBF700A7628B /* CoreData.framework in Frameworks */ = {isa = PBXBuildFile; fileRef = FB0B14DB1403DBE800A7628B /* CoreData.framework */; };
		FB80477214092D7D00EE150C /* MilestoneTableViewCell.m in Sources */ = {isa = PBXBuildFile; fileRef = FB80477114092D7D00EE150C /* MilestoneTableViewCell.m */; };
		FB80477314092D7D00EE150C /* MilestoneTableViewCell.m in Sources */ = {isa = PBXBuildFile; fileRef = FB80477114092D7D00EE150C /* MilestoneTableViewCell.m */; };
		FB80478F140930BD00EE150C /* workCompleted-icon.png in Resources */ = {isa = PBXBuildFile; fileRef = FB80478E140930BD00EE150C /* workCompleted-icon.png */; };
		FB804790140930BD00EE150C /* workCompleted-icon.png in Resources */ = {isa = PBXBuildFile; fileRef = FB80478E140930BD00EE150C /* workCompleted-icon.png */; };
		FB9200621403675F0023B107 /* SampleDataInserter.m in Sources */ = {isa = PBXBuildFile; fileRef = FB9200611403675F0023B107 /* SampleDataInserter.m */; };
		FB9200631403675F0023B107 /* SampleDataInserter.m in Sources */ = {isa = PBXBuildFile; fileRef = FB9200611403675F0023B107 /* SampleDataInserter.m */; };
		FB920067140367960023B107 /* EducentiveRepository.m in Sources */ = {isa = PBXBuildFile; fileRef = FB920066140367960023B107 /* EducentiveRepository.m */; };
		FB920068140367960023B107 /* EducentiveRepository.m in Sources */ = {isa = PBXBuildFile; fileRef = FB920066140367960023B107 /* EducentiveRepository.m */; };
		FBFD8DBA14036C880088CCD0 /* libLevousCore.a in Frameworks */ = {isa = PBXBuildFile; fileRef = FBFD8DB414036C5F0088CCD0 /* libLevousCore.a */; };
/* End PBXBuildFile section */

/* Begin PBXContainerItemProxy section */
		A962AF07140067E9007DA495 /* PBXContainerItemProxy */ = {
			isa = PBXContainerItemProxy;
			containerPortal = A962AECF140067E8007DA495 /* Project object */;
			proxyType = 1;
			remoteGlobalIDString = A962AED7140067E8007DA495;
			remoteInfo = Educentives;
		};
		FBFD8DB314036C5F0088CCD0 /* PBXContainerItemProxy */ = {
			isa = PBXContainerItemProxy;
			containerPortal = FBFD8DAA14036C5F0088CCD0 /* LevousCore.xcodeproj */;
			proxyType = 2;
			remoteGlobalIDString = D2AAC07E0554694100DB518D;
			remoteInfo = LevousCore;
		};
		FBFD8DB514036C5F0088CCD0 /* PBXContainerItemProxy */ = {
			isa = PBXContainerItemProxy;
			containerPortal = FBFD8DAA14036C5F0088CCD0 /* LevousCore.xcodeproj */;
			proxyType = 2;
			remoteGlobalIDString = A9DC653A13666FE100DA53E5;
			remoteInfo = LevousCoreTests;
		};
		FBFD8DB814036C810088CCD0 /* PBXContainerItemProxy */ = {
			isa = PBXContainerItemProxy;
			containerPortal = FBFD8DAA14036C5F0088CCD0 /* LevousCore.xcodeproj */;
			proxyType = 1;
			remoteGlobalIDString = D2AAC07D0554694100DB518D;
			remoteInfo = LevousCore;
		};
/* End PBXContainerItemProxy section */

/* Begin PBXFileReference section */
		A9265163140740D800AE321F /* CoreData.framework */ = {isa = PBXFileReference; lastKnownFileType = wrapper.framework; name = CoreData.framework; path = System/Library/Frameworks/CoreData.framework; sourceTree = SDKROOT; };
		A962AED8140067E8007DA495 /* Educentives.app */ = {isa = PBXFileReference; explicitFileType = wrapper.application; includeInIndex = 0; path = Educentives.app; sourceTree = BUILT_PRODUCTS_DIR; };
		A962AEDC140067E8007DA495 /* UIKit.framework */ = {isa = PBXFileReference; lastKnownFileType = wrapper.framework; name = UIKit.framework; path = System/Library/Frameworks/UIKit.framework; sourceTree = SDKROOT; };
		A962AEDE140067E8007DA495 /* Foundation.framework */ = {isa = PBXFileReference; lastKnownFileType = wrapper.framework; name = Foundation.framework; path = System/Library/Frameworks/Foundation.framework; sourceTree = SDKROOT; };
		A962AEE0140067E8007DA495 /* CoreGraphics.framework */ = {isa = PBXFileReference; lastKnownFileType = wrapper.framework; name = CoreGraphics.framework; path = System/Library/Frameworks/CoreGraphics.framework; sourceTree = SDKROOT; };
		A962AEE4140067E8007DA495 /* Educentives-Info.plist */ = {isa = PBXFileReference; lastKnownFileType = text.plist.xml; path = "Educentives-Info.plist"; sourceTree = "<group>"; };
		A962AEE6140067E8007DA495 /* en */ = {isa = PBXFileReference; lastKnownFileType = text.plist.strings; name = en; path = en.lproj/InfoPlist.strings; sourceTree = "<group>"; };
		A962AEE8140067E8007DA495 /* main.m */ = {isa = PBXFileReference; lastKnownFileType = sourcecode.c.objc; path = main.m; sourceTree = "<group>"; };
		A962AEEA140067E8007DA495 /* Educentives-Prefix.pch */ = {isa = PBXFileReference; lastKnownFileType = sourcecode.c.h; path = "Educentives-Prefix.pch"; sourceTree = "<group>"; };
		A962AEEB140067E8007DA495 /* EducentivesAppDelegate.h */ = {isa = PBXFileReference; lastKnownFileType = sourcecode.c.h; path = EducentivesAppDelegate.h; sourceTree = "<group>"; };
		A962AEEC140067E8007DA495 /* EducentivesAppDelegate.m */ = {isa = PBXFileReference; lastKnownFileType = sourcecode.c.objc; path = EducentivesAppDelegate.m; sourceTree = "<group>"; };
		A962AEEF140067E8007DA495 /* EducentivesAppDelegate_iPhone.h */ = {isa = PBXFileReference; lastKnownFileType = sourcecode.c.h; name = EducentivesAppDelegate_iPhone.h; path = iPhone/EducentivesAppDelegate_iPhone.h; sourceTree = "<group>"; };
		A962AEF0140067E8007DA495 /* EducentivesAppDelegate_iPhone.m */ = {isa = PBXFileReference; lastKnownFileType = sourcecode.c.objc; name = EducentivesAppDelegate_iPhone.m; path = iPhone/EducentivesAppDelegate_iPhone.m; sourceTree = "<group>"; };
		A962AEF3140067E8007DA495 /* en */ = {isa = PBXFileReference; lastKnownFileType = file.xib; name = en; path = iPhone/en.lproj/MainWindow_iPhone.xib; sourceTree = "<group>"; };
		A962AEF6140067E8007DA495 /* EducentivesAppDelegate_iPad.h */ = {isa = PBXFileReference; lastKnownFileType = sourcecode.c.h; name = EducentivesAppDelegate_iPad.h; path = iPad/EducentivesAppDelegate_iPad.h; sourceTree = "<group>"; };
		A962AEF7140067E8007DA495 /* EducentivesAppDelegate_iPad.m */ = {isa = PBXFileReference; lastKnownFileType = sourcecode.c.objc; name = EducentivesAppDelegate_iPad.m; path = iPad/EducentivesAppDelegate_iPad.m; sourceTree = "<group>"; };
		A962AEFA140067E9007DA495 /* en */ = {isa = PBXFileReference; lastKnownFileType = file.xib; name = en; path = iPad/en.lproj/MainWindow_iPad.xib; sourceTree = "<group>"; };
		A962AF01140067E9007DA495 /* EducentivesTests.octest */ = {isa = PBXFileReference; explicitFileType = wrapper.cfbundle; includeInIndex = 0; path = EducentivesTests.octest; sourceTree = BUILT_PRODUCTS_DIR; };
		A962AF02140067E9007DA495 /* SenTestingKit.framework */ = {isa = PBXFileReference; lastKnownFileType = wrapper.framework; name = SenTestingKit.framework; path = Library/Frameworks/SenTestingKit.framework; sourceTree = DEVELOPER_DIR; };
		A962AF0B140067E9007DA495 /* EducentivesTests-Info.plist */ = {isa = PBXFileReference; lastKnownFileType = text.plist.xml; path = "EducentivesTests-Info.plist"; sourceTree = "<group>"; };
		A962AF0D140067E9007DA495 /* en */ = {isa = PBXFileReference; lastKnownFileType = text.plist.strings; name = en; path = en.lproj/InfoPlist.strings; sourceTree = "<group>"; };
		A962AF0F140067E9007DA495 /* EducentivesTests.h */ = {isa = PBXFileReference; lastKnownFileType = sourcecode.c.h; path = EducentivesTests.h; sourceTree = "<group>"; };
		A962AF11140067E9007DA495 /* EducentivesTests.m */ = {isa = PBXFileReference; lastKnownFileType = sourcecode.c.objc; path = EducentivesTests.m; sourceTree = "<group>"; };
		A962AF1E1400684D007DA495 /* Educentives.xcdatamodel */ = {isa = PBXFileReference; lastKnownFileType = wrapper.xcdatamodel; path = Educentives.xcdatamodel; sourceTree = "<group>"; };
		FB0B14BF1403DBB100A7628B /* Milestone.h */ = {isa = PBXFileReference; fileEncoding = 4; lastKnownFileType = sourcecode.c.h; path = Milestone.h; sourceTree = "<group>"; };
		FB0B14C01403DBB100A7628B /* Milestone.m */ = {isa = PBXFileReference; fileEncoding = 4; lastKnownFileType = sourcecode.c.objc; path = Milestone.m; sourceTree = "<group>"; };
		FB0B14C31403DBB100A7628B /* StudentGroup.h */ = {isa = PBXFileReference; fileEncoding = 4; lastKnownFileType = sourcecode.c.h; path = StudentGroup.h; sourceTree = "<group>"; };
		FB0B14C41403DBB100A7628B /* StudentGroup.m */ = {isa = PBXFileReference; fileEncoding = 4; lastKnownFileType = sourcecode.c.objc; path = StudentGroup.m; sourceTree = "<group>"; };
		FB0B14C71403DBB100A7628B /* Goal.h */ = {isa = PBXFileReference; fileEncoding = 4; lastKnownFileType = sourcecode.c.h; path = Goal.h; sourceTree = "<group>"; };
		FB0B14C81403DBB100A7628B /* Goal.m */ = {isa = PBXFileReference; fileEncoding = 4; lastKnownFileType = sourcecode.c.objc; path = Goal.m; sourceTree = "<group>"; };
		FB0B14CB1403DBB100A7628B /* Patron.h */ = {isa = PBXFileReference; fileEncoding = 4; lastKnownFileType = sourcecode.c.h; path = Patron.h; sourceTree = "<group>"; };
		FB0B14CC1403DBB100A7628B /* Patron.m */ = {isa = PBXFileReference; fileEncoding = 4; lastKnownFileType = sourcecode.c.objc; path = Patron.m; sourceTree = "<group>"; };
		FB0B14CF1403DBB100A7628B /* Teacher.h */ = {isa = PBXFileReference; fileEncoding = 4; lastKnownFileType = sourcecode.c.h; path = Teacher.h; sourceTree = "<group>"; };
		FB0B14D01403DBB100A7628B /* Teacher.m */ = {isa = PBXFileReference; fileEncoding = 4; lastKnownFileType = sourcecode.c.objc; path = Teacher.m; sourceTree = "<group>"; };
		FB0B14D31403DBB200A7628B /* Student.h */ = {isa = PBXFileReference; fileEncoding = 4; lastKnownFileType = sourcecode.c.h; path = Student.h; sourceTree = "<group>"; };
		FB0B14D41403DBB200A7628B /* Student.m */ = {isa = PBXFileReference; fileEncoding = 4; lastKnownFileType = sourcecode.c.objc; path = Student.m; sourceTree = "<group>"; };
		FB0B14D71403DBB200A7628B /* AchievementPlan.h */ = {isa = PBXFileReference; fileEncoding = 4; lastKnownFileType = sourcecode.c.h; path = AchievementPlan.h; sourceTree = "<group>"; };
		FB0B14D81403DBB200A7628B /* AchievementPlan.m */ = {isa = PBXFileReference; fileEncoding = 4; lastKnownFileType = sourcecode.c.objc; path = AchievementPlan.m; sourceTree = "<group>"; };
		FB0B14DB1403DBE800A7628B /* CoreData.framework */ = {isa = PBXFileReference; lastKnownFileType = wrapper.framework; name = CoreData.framework; path = System/Library/Frameworks/CoreData.framework; sourceTree = SDKROOT; };
		FB80477014092D7D00EE150C /* MilestoneTableViewCell.h */ = {isa = PBXFileReference; fileEncoding = 4; lastKnownFileType = sourcecode.c.h; path = MilestoneTableViewCell.h; sourceTree = "<group>"; };
		FB80477114092D7D00EE150C /* MilestoneTableViewCell.m */ = {isa = PBXFileReference; fileEncoding = 4; lastKnownFileType = sourcecode.c.objc; path = MilestoneTableViewCell.m; sourceTree = "<group>"; };
		FB80478E140930BD00EE150C /* workCompleted-icon.png */ = {isa = PBXFileReference; lastKnownFileType = image.png; path = "workCompleted-icon.png"; sourceTree = "<group>"; };
		FB9200601403675F0023B107 /* SampleDataInserter.h */ = {isa = PBXFileReference; fileEncoding = 4; lastKnownFileType = sourcecode.c.h; path = SampleDataInserter.h; sourceTree = "<group>"; };
		FB9200611403675F0023B107 /* SampleDataInserter.m */ = {isa = PBXFileReference; fileEncoding = 4; lastKnownFileType = sourcecode.c.objc; path = SampleDataInserter.m; sourceTree = "<group>"; };
		FB920065140367960023B107 /* EducentiveRepository.h */ = {isa = PBXFileReference; fileEncoding = 4; lastKnownFileType = sourcecode.c.h; path = EducentiveRepository.h; sourceTree = "<group>"; };
		FB920066140367960023B107 /* EducentiveRepository.m */ = {isa = PBXFileReference; fileEncoding = 4; lastKnownFileType = sourcecode.c.objc; path = EducentiveRepository.m; sourceTree = "<group>"; };
		FBFD8DAA14036C5F0088CCD0 /* LevousCore.xcodeproj */ = {isa = PBXFileReference; lastKnownFileType = "wrapper.pb-project"; name = LevousCore.xcodeproj; path = "../Libraries/Levous-iOS-Core/source/LevousCore.xcodeproj"; sourceTree = "<group>"; };
/* End PBXFileReference section */

/* Begin PBXFrameworksBuildPhase section */
		A962AED5140067E8007DA495 /* Frameworks */ = {
			isa = PBXFrameworksBuildPhase;
			buildActionMask = 2147483647;
			files = (
				FB0B14DC1403DBE800A7628B /* CoreData.framework in Frameworks */,
				FBFD8DBA14036C880088CCD0 /* libLevousCore.a in Frameworks */,
				A962AEDD140067E8007DA495 /* UIKit.framework in Frameworks */,
				A962AEDF140067E8007DA495 /* Foundation.framework in Frameworks */,
				A962AEE1140067E8007DA495 /* CoreGraphics.framework in Frameworks */,
			);
			runOnlyForDeploymentPostprocessing = 0;
		};
		A962AEFD140067E9007DA495 /* Frameworks */ = {
			isa = PBXFrameworksBuildPhase;
			buildActionMask = 2147483647;
			files = (
				A962AF03140067E9007DA495 /* SenTestingKit.framework in Frameworks */,
				A962AF04140067E9007DA495 /* UIKit.framework in Frameworks */,
				A962AF05140067E9007DA495 /* Foundation.framework in Frameworks */,
				A962AF06140067E9007DA495 /* CoreGraphics.framework in Frameworks */,
				FB0B14DD1403DBF700A7628B /* CoreData.framework in Frameworks */,
			);
			runOnlyForDeploymentPostprocessing = 0;
		};
/* End PBXFrameworksBuildPhase section */

/* Begin PBXGroup section */
		A962AECD140067E8007DA495 = {
			isa = PBXGroup;
			children = (
				A962AEE2140067E8007DA495 /* Educentives */,
				A962AF09140067E9007DA495 /* EducentivesTests */,
				A962AEDB140067E8007DA495 /* Frameworks */,
				A962AED9140067E8007DA495 /* Products */,
			);
			sourceTree = "<group>";
		};
		A962AED9140067E8007DA495 /* Products */ = {
			isa = PBXGroup;
			children = (
				A962AED8140067E8007DA495 /* Educentives.app */,
				A962AF01140067E9007DA495 /* EducentivesTests.octest */,
			);
			name = Products;
			sourceTree = "<group>";
		};
		A962AEDB140067E8007DA495 /* Frameworks */ = {
			isa = PBXGroup;
			children = (
				FBFD8DAA14036C5F0088CCD0 /* LevousCore.xcodeproj */,
				FB0B14DB1403DBE800A7628B /* CoreData.framework */,
				A962AEDC140067E8007DA495 /* UIKit.framework */,
				A962AEDE140067E8007DA495 /* Foundation.framework */,
				A962AEE0140067E8007DA495 /* CoreGraphics.framework */,
				A962AF02140067E9007DA495 /* SenTestingKit.framework */,
			);
			name = Frameworks;
			sourceTree = "<group>";
		};
		A962AEE2140067E8007DA495 /* Educentives */ = {
			isa = PBXGroup;
			children = (
				A962AF1B14006804007DA495 /* Classes */,
				A962AEEB140067E8007DA495 /* EducentivesAppDelegate.h */,
				A962AEEC140067E8007DA495 /* EducentivesAppDelegate.m */,
				A962AEEE140067E8007DA495 /* iPhone */,
				A962AEF5140067E8007DA495 /* iPad */,
				FB8047771409306000EE150C /* Resources */,
				A962AEE3140067E8007DA495 /* Supporting Files */,
			);
			path = Educentives;
			sourceTree = "<group>";
		};
		A962AEE3140067E8007DA495 /* Supporting Files */ = {
			isa = PBXGroup;
			children = (
				A962AEE4140067E8007DA495 /* Educentives-Info.plist */,
				A962AEE5140067E8007DA495 /* InfoPlist.strings */,
				A962AEE8140067E8007DA495 /* main.m */,
				A962AEEA140067E8007DA495 /* Educentives-Prefix.pch */,
			);
			name = "Supporting Files";
			sourceTree = "<group>";
		};
		A962AEEE140067E8007DA495 /* iPhone */ = {
			isa = PBXGroup;
			children = (
				A962AEEF140067E8007DA495 /* EducentivesAppDelegate_iPhone.h */,
				A962AEF0140067E8007DA495 /* EducentivesAppDelegate_iPhone.m */,
				A962AEF2140067E8007DA495 /* MainWindow_iPhone.xib */,
			);
			name = iPhone;
			sourceTree = "<group>";
		};
		A962AEF5140067E8007DA495 /* iPad */ = {
			isa = PBXGroup;
			children = (
				A962AEF6140067E8007DA495 /* EducentivesAppDelegate_iPad.h */,
				A962AEF7140067E8007DA495 /* EducentivesAppDelegate_iPad.m */,
				A962AEF9140067E9007DA495 /* MainWindow_iPad.xib */,
			);
			name = iPad;
			sourceTree = "<group>";
		};
		A962AF09140067E9007DA495 /* EducentivesTests */ = {
			isa = PBXGroup;
			children = (
				A962AF0F140067E9007DA495 /* EducentivesTests.h */,
				A962AF11140067E9007DA495 /* EducentivesTests.m */,
				A962AF0A140067E9007DA495 /* Supporting Files */,
			);
			path = EducentivesTests;
			sourceTree = "<group>";
		};
		A962AF0A140067E9007DA495 /* Supporting Files */ = {
			isa = PBXGroup;
			children = (
				A962AF0B140067E9007DA495 /* EducentivesTests-Info.plist */,
				A962AF0C140067E9007DA495 /* InfoPlist.strings */,
			);
			name = "Supporting Files";
			sourceTree = "<group>";
		};
		A962AF1B14006804007DA495 /* Classes */ = {
			isa = PBXGroup;
			children = (
				A962AF1C14006819007DA495 /* Model */,
				FB920064140367660023B107 /* Repository */,
				FB92005E140367190023B107 /* SampleData */,
				A962AF3D14006DE2007DA495 /* ViewControllers */,
				FB80476E14092D1300EE150C /* Views */,
			);
			path = Classes;
			sourceTree = "<group>";
		};
		A962AF1C14006819007DA495 /* Model */ = {
			isa = PBXGroup;
			children = (
				A962AF1D1400684D007DA495 /* Educentives.xcdatamodeld */,
				FB0B14D71403DBB200A7628B /* AchievementPlan.h */,
				FB0B14D81403DBB200A7628B /* AchievementPlan.m */,
				FB0B14D31403DBB200A7628B /* Student.h */,
				FB0B14D41403DBB200A7628B /* Student.m */,
				FB0B14CF1403DBB100A7628B /* Teacher.h */,
				FB0B14D01403DBB100A7628B /* Teacher.m */,
				FB0B14CB1403DBB100A7628B /* Patron.h */,
				FB0B14CC1403DBB100A7628B /* Patron.m */,
				FB0B14C71403DBB100A7628B /* Goal.h */,
				FB0B14C81403DBB100A7628B /* Goal.m */,
				FB0B14C31403DBB100A7628B /* StudentGroup.h */,
				FB0B14C41403DBB100A7628B /* StudentGroup.m */,
				FB0B14BF1403DBB100A7628B /* Milestone.h */,
				FB0B14C01403DBB100A7628B /* Milestone.m */,
			);
			path = Model;
			sourceTree = "<group>";
		};
		A962AF3D14006DE2007DA495 /* ViewControllers */ = {
			isa = PBXGroup;
			children = (
			);
			path = ViewControllers;
			sourceTree = "<group>";
		};
		FB80476E14092D1300EE150C /* Views */ = {
			isa = PBXGroup;
			children = (
				FB80476F14092D5300EE150C /* TableViewCells */,
			);
			path = Views;
			sourceTree = "<group>";
		};
		FB80476F14092D5300EE150C /* TableViewCells */ = {
			isa = PBXGroup;
			children = (
				FB80477014092D7D00EE150C /* MilestoneTableViewCell.h */,
				FB80477114092D7D00EE150C /* MilestoneTableViewCell.m */,
			);
			path = TableViewCells;
			sourceTree = "<group>";
		};
		FB8047771409306000EE150C /* Resources */ = {
			isa = PBXGroup;
			children = (
				FB8047831409309300EE150C /* Images */,
			);
			path = Resources;
			sourceTree = "<group>";
		};
		FB8047831409309300EE150C /* Images */ = {
			isa = PBXGroup;
			children = (
				FB8047841409309300EE150C /* Icons */,
			);
			path = Images;
			sourceTree = "<group>";
		};
		FB8047841409309300EE150C /* Icons */ = {
			isa = PBXGroup;
			children = (
				FB80478E140930BD00EE150C /* workCompleted-icon.png */,
			);
			path = Icons;
			sourceTree = "<group>";
		};
		FB92005E140367190023B107 /* SampleData */ = {
			isa = PBXGroup;
			children = (
				FB9200601403675F0023B107 /* SampleDataInserter.h */,
				FB9200611403675F0023B107 /* SampleDataInserter.m */,
			);
			path = SampleData;
			sourceTree = "<group>";
		};
		FB920064140367660023B107 /* Repository */ = {
			isa = PBXGroup;
			children = (
				FB920065140367960023B107 /* EducentiveRepository.h */,
				FB920066140367960023B107 /* EducentiveRepository.m */,
			);
			path = Repository;
			sourceTree = "<group>";
		};
		FBFD8DAB14036C5F0088CCD0 /* Products */ = {
			isa = PBXGroup;
			children = (
				FBFD8DB414036C5F0088CCD0 /* libLevousCore.a */,
				FBFD8DB614036C5F0088CCD0 /* LevousCoreTests.app */,
			);
			name = Products;
			sourceTree = "<group>";
		};
/* End PBXGroup section */

/* Begin PBXNativeTarget section */
		A962AED7140067E8007DA495 /* Educentives */ = {
			isa = PBXNativeTarget;
			buildConfigurationList = A962AF15140067E9007DA495 /* Build configuration list for PBXNativeTarget "Educentives" */;
			buildPhases = (
				A962AED4140067E8007DA495 /* Sources */,
				A962AED5140067E8007DA495 /* Frameworks */,
				A962AED6140067E8007DA495 /* Resources */,
			);
			buildRules = (
			);
			dependencies = (
				FBFD8DB914036C810088CCD0 /* PBXTargetDependency */,
			);
			name = Educentives;
			productName = Educentives;
			productReference = A962AED8140067E8007DA495 /* Educentives.app */;
			productType = "com.apple.product-type.application";
		};
		A962AF00140067E9007DA495 /* EducentivesTests */ = {
			isa = PBXNativeTarget;
			buildConfigurationList = A962AF18140067E9007DA495 /* Build configuration list for PBXNativeTarget "EducentivesTests" */;
			buildPhases = (
				A962AEFC140067E9007DA495 /* Sources */,
				A962AEFD140067E9007DA495 /* Frameworks */,
				A962AEFE140067E9007DA495 /* Resources */,
				A962AEFF140067E9007DA495 /* ShellScript */,
			);
			buildRules = (
			);
			dependencies = (
				A962AF08140067E9007DA495 /* PBXTargetDependency */,
			);
			name = EducentivesTests;
			productName = EducentivesTests;
			productReference = A962AF01140067E9007DA495 /* EducentivesTests.octest */;
			productType = "com.apple.product-type.bundle";
		};
/* End PBXNativeTarget section */

/* Begin PBXProject section */
		A962AECF140067E8007DA495 /* Project object */ = {
			isa = PBXProject;
			attributes = {
				ORGANIZATIONNAME = "LeVous, LLC";
			};
			buildConfigurationList = A962AED2140067E8007DA495 /* Build configuration list for PBXProject "Educentives" */;
			compatibilityVersion = "Xcode 3.2";
			developmentRegion = English;
			hasScannedForEncodings = 0;
			knownRegions = (
				en,
			);
			mainGroup = A962AECD140067E8007DA495;
			productRefGroup = A962AED9140067E8007DA495 /* Products */;
			projectDirPath = "";
			projectReferences = (
				{
					ProductGroup = FBFD8DAB14036C5F0088CCD0 /* Products */;
					ProjectRef = FBFD8DAA14036C5F0088CCD0 /* LevousCore.xcodeproj */;
				},
			);
			projectRoot = "";
			targets = (
				A962AED7140067E8007DA495 /* Educentives */,
				A962AF00140067E9007DA495 /* EducentivesTests */,
			);
		};
/* End PBXProject section */

/* Begin PBXReferenceProxy section */
		FBFD8DB414036C5F0088CCD0 /* libLevousCore.a */ = {
			isa = PBXReferenceProxy;
			fileType = archive.ar;
			path = libLevousCore.a;
			remoteRef = FBFD8DB314036C5F0088CCD0 /* PBXContainerItemProxy */;
			sourceTree = BUILT_PRODUCTS_DIR;
		};
		FBFD8DB614036C5F0088CCD0 /* LevousCoreTests.app */ = {
			isa = PBXReferenceProxy;
			fileType = wrapper.application;
			path = LevousCoreTests.app;
			remoteRef = FBFD8DB514036C5F0088CCD0 /* PBXContainerItemProxy */;
			sourceTree = BUILT_PRODUCTS_DIR;
		};
/* End PBXReferenceProxy section */

/* Begin PBXResourcesBuildPhase section */
		A962AED6140067E8007DA495 /* Resources */ = {
			isa = PBXResourcesBuildPhase;
			buildActionMask = 2147483647;
			files = (
				A962AEE7140067E8007DA495 /* InfoPlist.strings in Resources */,
				A962AEF4140067E8007DA495 /* MainWindow_iPhone.xib in Resources */,
				A962AEFB140067E9007DA495 /* MainWindow_iPad.xib in Resources */,
				FB80478F140930BD00EE150C /* workCompleted-icon.png in Resources */,
			);
			runOnlyForDeploymentPostprocessing = 0;
		};
		A962AEFE140067E9007DA495 /* Resources */ = {
			isa = PBXResourcesBuildPhase;
			buildActionMask = 2147483647;
			files = (
				A962AF0E140067E9007DA495 /* InfoPlist.strings in Resources */,
				A962AF10140067E9007DA495 /* EducentivesTests.h in Resources */,
				FB804790140930BD00EE150C /* workCompleted-icon.png in Resources */,
			);
			runOnlyForDeploymentPostprocessing = 0;
		};
/* End PBXResourcesBuildPhase section */

/* Begin PBXShellScriptBuildPhase section */
		A962AEFF140067E9007DA495 /* ShellScript */ = {
			isa = PBXShellScriptBuildPhase;
			buildActionMask = 2147483647;
			files = (
			);
			inputPaths = (
			);
			outputPaths = (
			);
			runOnlyForDeploymentPostprocessing = 0;
			shellPath = /bin/sh;
			shellScript = "# Run the unit tests in this test bundle.\n\"${SYSTEM_DEVELOPER_DIR}/Tools/RunUnitTests\"\n";
		};
/* End PBXShellScriptBuildPhase section */

/* Begin PBXSourcesBuildPhase section */
		A962AED4140067E8007DA495 /* Sources */ = {
			isa = PBXSourcesBuildPhase;
			buildActionMask = 2147483647;
			files = (
				A962AEE9140067E8007DA495 /* main.m in Sources */,
				A962AEED140067E8007DA495 /* EducentivesAppDelegate.m in Sources */,
				A962AEF1140067E8007DA495 /* EducentivesAppDelegate_iPhone.m in Sources */,
				A962AEF8140067E8007DA495 /* EducentivesAppDelegate_iPad.m in Sources */,
				A962AF1F1400684D007DA495 /* Educentives.xcdatamodeld in Sources */,
				FB9200621403675F0023B107 /* SampleDataInserter.m in Sources */,
				FB920067140367960023B107 /* EducentiveRepository.m in Sources */,
				FB0B14C11403DBB100A7628B /* Milestone.m in Sources */,
				FB0B14C51403DBB100A7628B /* StudentGroup.m in Sources */,
				FB0B14C91403DBB100A7628B /* Goal.m in Sources */,
				FB0B14CD1403DBB100A7628B /* Patron.m in Sources */,
				FB0B14D11403DBB100A7628B /* Teacher.m in Sources */,
				FB0B14D51403DBB200A7628B /* Student.m in Sources */,
				FB0B14D91403DBB200A7628B /* AchievementPlan.m in Sources */,
				FB80477214092D7D00EE150C /* MilestoneTableViewCell.m in Sources */,
			);
			runOnlyForDeploymentPostprocessing = 0;
		};
		A962AEFC140067E9007DA495 /* Sources */ = {
			isa = PBXSourcesBuildPhase;
			buildActionMask = 2147483647;
			files = (
				A962AF12140067E9007DA495 /* EducentivesTests.m in Sources */,
				A962AF201400684D007DA495 /* Educentives.xcdatamodeld in Sources */,
				FB9200631403675F0023B107 /* SampleDataInserter.m in Sources */,
				FB920068140367960023B107 /* EducentiveRepository.m in Sources */,
				FB0B14C21403DBB100A7628B /* Milestone.m in Sources */,
				FB0B14C61403DBB100A7628B /* StudentGroup.m in Sources */,
				FB0B14CA1403DBB100A7628B /* Goal.m in Sources */,
				FB0B14CE1403DBB100A7628B /* Patron.m in Sources */,
				FB0B14D21403DBB100A7628B /* Teacher.m in Sources */,
				FB0B14D61403DBB200A7628B /* Student.m in Sources */,
				FB0B14DA1403DBB200A7628B /* AchievementPlan.m in Sources */,
				FB80477314092D7D00EE150C /* MilestoneTableViewCell.m in Sources */,
			);
			runOnlyForDeploymentPostprocessing = 0;
		};
/* End PBXSourcesBuildPhase section */

/* Begin PBXTargetDependency section */
		A962AF08140067E9007DA495 /* PBXTargetDependency */ = {
			isa = PBXTargetDependency;
			target = A962AED7140067E8007DA495 /* Educentives */;
			targetProxy = A962AF07140067E9007DA495 /* PBXContainerItemProxy */;
		};
		FBFD8DB914036C810088CCD0 /* PBXTargetDependency */ = {
			isa = PBXTargetDependency;
			name = LevousCore;
			targetProxy = FBFD8DB814036C810088CCD0 /* PBXContainerItemProxy */;
		};
/* End PBXTargetDependency section */

/* Begin PBXVariantGroup section */
		A962AEE5140067E8007DA495 /* InfoPlist.strings */ = {
			isa = PBXVariantGroup;
			children = (
				A962AEE6140067E8007DA495 /* en */,
			);
			name = InfoPlist.strings;
			sourceTree = "<group>";
		};
		A962AEF2140067E8007DA495 /* MainWindow_iPhone.xib */ = {
			isa = PBXVariantGroup;
			children = (
				A962AEF3140067E8007DA495 /* en */,
			);
			name = MainWindow_iPhone.xib;
			sourceTree = "<group>";
		};
		A962AEF9140067E9007DA495 /* MainWindow_iPad.xib */ = {
			isa = PBXVariantGroup;
			children = (
				A962AEFA140067E9007DA495 /* en */,
			);
			name = MainWindow_iPad.xib;
			sourceTree = "<group>";
		};
		A962AF0C140067E9007DA495 /* InfoPlist.strings */ = {
			isa = PBXVariantGroup;
			children = (
				A962AF0D140067E9007DA495 /* en */,
			);
			name = InfoPlist.strings;
			sourceTree = "<group>";
		};
/* End PBXVariantGroup section */

/* Begin XCBuildConfiguration section */
		A962AF13140067E9007DA495 /* Debug */ = {
			isa = XCBuildConfiguration;
			buildSettings = {
				ALWAYS_SEARCH_USER_PATHS = NO;
				ARCHS = "$(ARCHS_STANDARD_32_BIT)";
				"CODE_SIGN_IDENTITY[sdk=iphoneos*]" = "iPhone Developer";
				COPY_PHASE_STRIP = NO;
				GCC_C_LANGUAGE_STANDARD = gnu99;
				GCC_DYNAMIC_NO_PIC = NO;
				GCC_OPTIMIZATION_LEVEL = 0;
				GCC_PREPROCESSOR_DEFINITIONS = (
					"DEBUG=1",
					"$(inherited)",
				);
				GCC_SYMBOLS_PRIVATE_EXTERN = NO;
				GCC_VERSION = com.apple.compilers.llvmgcc42;
				GCC_WARN_ABOUT_MISSING_PROTOTYPES = YES;
				GCC_WARN_ABOUT_RETURN_TYPE = YES;
				GCC_WARN_UNUSED_VARIABLE = YES;
				HEADER_SEARCH_PATHS = "\"$(SRCROOT)/../Libraries/Levous-iOS-Core/source/LevousCoreHeaders\"";
				IPHONEOS_DEPLOYMENT_TARGET = 4.3;
				SDKROOT = iphoneos;
				TARGETED_DEVICE_FAMILY = "1,2";
				USER_HEADER_SEARCH_PATHS = "";
			};
			name = Debug;
		};
		A962AF14140067E9007DA495 /* Release */ = {
			isa = XCBuildConfiguration;
			buildSettings = {
				ALWAYS_SEARCH_USER_PATHS = NO;
				ARCHS = "$(ARCHS_STANDARD_32_BIT)";
				"CODE_SIGN_IDENTITY[sdk=iphoneos*]" = "iPhone Developer";
				COPY_PHASE_STRIP = YES;
				GCC_C_LANGUAGE_STANDARD = gnu99;
				GCC_VERSION = com.apple.compilers.llvmgcc42;
				GCC_WARN_ABOUT_MISSING_PROTOTYPES = YES;
				GCC_WARN_ABOUT_RETURN_TYPE = YES;
				GCC_WARN_UNUSED_VARIABLE = YES;
				HEADER_SEARCH_PATHS = "\"$(SRCROOT)/../Libraries/Levous-iOS-Core/source/LevousCoreHeaders\"";
				IPHONEOS_DEPLOYMENT_TARGET = 4.3;
				OTHER_CFLAGS = "-DNS_BLOCK_ASSERTIONS=1";
				SDKROOT = iphoneos;
				TARGETED_DEVICE_FAMILY = "1,2";
				USER_HEADER_SEARCH_PATHS = "";
				VALIDATE_PRODUCT = YES;
			};
			name = Release;
		};
		A962AF16140067E9007DA495 /* Debug */ = {
			isa = XCBuildConfiguration;
			buildSettings = {
				GCC_PRECOMPILE_PREFIX_HEADER = YES;
				GCC_PREFIX_HEADER = "Educentives/Educentives-Prefix.pch";
				HEADER_SEARCH_PATHS = "$(inherited)";
				INFOPLIST_FILE = "Educentives/Educentives-Info.plist";
				PRODUCT_NAME = "$(TARGET_NAME)";
				USER_HEADER_SEARCH_PATHS = "";
				WRAPPER_EXTENSION = app;
			};
			name = Debug;
		};
		A962AF17140067E9007DA495 /* Release */ = {
			isa = XCBuildConfiguration;
			buildSettings = {
				GCC_PRECOMPILE_PREFIX_HEADER = YES;
				GCC_PREFIX_HEADER = "Educentives/Educentives-Prefix.pch";
				HEADER_SEARCH_PATHS = "$(inherited)";
				INFOPLIST_FILE = "Educentives/Educentives-Info.plist";
				PRODUCT_NAME = "$(TARGET_NAME)";
				USER_HEADER_SEARCH_PATHS = "";
				WRAPPER_EXTENSION = app;
			};
			name = Release;
		};
		A962AF19140067E9007DA495 /* Debug */ = {
			isa = XCBuildConfiguration;
			buildSettings = {
				BUNDLE_LOADER = "$(BUILT_PRODUCTS_DIR)/Educentives.app/Educentives";
				FRAMEWORK_SEARCH_PATHS = (
					"$(SDKROOT)/Developer/Library/Frameworks",
					"$(DEVELOPER_LIBRARY_DIR)/Frameworks",
				);
				GCC_PRECOMPILE_PREFIX_HEADER = YES;
				GCC_PREFIX_HEADER = "Educentives/Educentives-Prefix.pch";
				INFOPLIST_FILE = "EducentivesTests/EducentivesTests-Info.plist";
				PRODUCT_NAME = "$(TARGET_NAME)";
				TEST_HOST = "$(BUNDLE_LOADER)";
				WRAPPER_EXTENSION = octest;
			};
			name = Debug;
		};
		A962AF1A140067E9007DA495 /* Release */ = {
			isa = XCBuildConfiguration;
			buildSettings = {
				BUNDLE_LOADER = "$(BUILT_PRODUCTS_DIR)/Educentives.app/Educentives";
				FRAMEWORK_SEARCH_PATHS = (
					"$(SDKROOT)/Developer/Library/Frameworks",
					"$(DEVELOPER_LIBRARY_DIR)/Frameworks",
				);
				GCC_PRECOMPILE_PREFIX_HEADER = YES;
				GCC_PREFIX_HEADER = "Educentives/Educentives-Prefix.pch";
				INFOPLIST_FILE = "EducentivesTests/EducentivesTests-Info.plist";
				PRODUCT_NAME = "$(TARGET_NAME)";
				TEST_HOST = "$(BUNDLE_LOADER)";
				WRAPPER_EXTENSION = octest;
			};
			name = Release;
		};
/* End XCBuildConfiguration section */

/* Begin XCConfigurationList section */
		A962AED2140067E8007DA495 /* Build configuration list for PBXProject "Educentives" */ = {
			isa = XCConfigurationList;
			buildConfigurations = (
				A962AF13140067E9007DA495 /* Debug */,
				A962AF14140067E9007DA495 /* Release */,
			);
			defaultConfigurationIsVisible = 0;
			defaultConfigurationName = Release;
		};
		A962AF15140067E9007DA495 /* Build configuration list for PBXNativeTarget "Educentives" */ = {
			isa = XCConfigurationList;
			buildConfigurations = (
				A962AF16140067E9007DA495 /* Debug */,
				A962AF17140067E9007DA495 /* Release */,
			);
			defaultConfigurationIsVisible = 0;
			defaultConfigurationName = Release;
		};
		A962AF18140067E9007DA495 /* Build configuration list for PBXNativeTarget "EducentivesTests" */ = {
			isa = XCConfigurationList;
			buildConfigurations = (
				A962AF19140067E9007DA495 /* Debug */,
				A962AF1A140067E9007DA495 /* Release */,
			);
			defaultConfigurationIsVisible = 0;
			defaultConfigurationName = Release;
		};
/* End XCConfigurationList section */

/* Begin XCVersionGroup section */
		A962AF1D1400684D007DA495 /* Educentives.xcdatamodeld */ = {
			isa = XCVersionGroup;
			children = (
				A962AF1E1400684D007DA495 /* Educentives.xcdatamodel */,
			);
			currentVersion = A962AF1E1400684D007DA495 /* Educentives.xcdatamodel */;
			path = Educentives.xcdatamodeld;
			sourceTree = "<group>";
			versionGroupType = wrapper.xcdatamodel;
		};
/* End XCVersionGroup section */
	};
	rootObject = A962AECF140067E8007DA495 /* Project object */;
}
