// !$*UTF8*$!
{
	archiveVersion = 1;
	classes = {
	};
	objectVersion = 46;
	objects = {

/* Begin PBXBuildFile section */
		A9DC64F613666A6900DA53E5 /* Foundation.framework in Frameworks */ = {isa = PBXBuildFile; fileRef = A9DC64F513666A6900DA53E5 /* Foundation.framework */; };
		A9DC650113666A6A00DA53E5 /* UIKit.framework in Frameworks */ = {isa = PBXBuildFile; fileRef = A9DC650013666A6A00DA53E5 /* UIKit.framework */; };
		A9DC650213666A6A00DA53E5 /* Foundation.framework in Frameworks */ = {isa = PBXBuildFile; fileRef = A9DC64F513666A6900DA53E5 /* Foundation.framework */; };
		A9DC650413666A6A00DA53E5 /* CoreGraphics.framework in Frameworks */ = {isa = PBXBuildFile; fileRef = A9DC650313666A6A00DA53E5 /* CoreGraphics.framework */; };
		A9DC650713666A6A00DA53E5 /* libModelForm.a in Frameworks */ = {isa = PBXBuildFile; fileRef = A9DC64F213666A6900DA53E5 /* libModelForm.a */; };
		A9DC650D13666A6A00DA53E5 /* InfoPlist.strings in Resources */ = {isa = PBXBuildFile; fileRef = A9DC650B13666A6A00DA53E5 /* InfoPlist.strings */; };
		A9DC651013666A6A00DA53E5 /* ModelFormTests.h in Resources */ = {isa = PBXBuildFile; fileRef = A9DC650F13666A6A00DA53E5 /* ModelFormTests.h */; };
		A9DC651213666A6A00DA53E5 /* ModelFormTests.m in Sources */ = {isa = PBXBuildFile; fileRef = A9DC651113666A6A00DA53E5 /* ModelFormTests.m */; };
/* End PBXBuildFile section */

/* Begin PBXContainerItemProxy section */
		A9DC650513666A6A00DA53E5 /* PBXContainerItemProxy */ = {
			isa = PBXContainerItemProxy;
			containerPortal = A9DC64E913666A6900DA53E5 /* Project object */;
			proxyType = 1;
			remoteGlobalIDString = A9DC64F113666A6900DA53E5;
			remoteInfo = ModelForm;
		};
/* End PBXContainerItemProxy section */

/* Begin PBXFileReference section */
		A9DC64F213666A6900DA53E5 /* libModelForm.a */ = {isa = PBXFileReference; explicitFileType = archive.ar; includeInIndex = 0; path = libModelForm.a; sourceTree = BUILT_PRODUCTS_DIR; };
		A9DC64F513666A6900DA53E5 /* Foundation.framework */ = {isa = PBXFileReference; lastKnownFileType = wrapper.framework; name = Foundation.framework; path = System/Library/Frameworks/Foundation.framework; sourceTree = SDKROOT; };
		A9DC64F913666A6900DA53E5 /* ModelForm-Prefix.pch */ = {isa = PBXFileReference; lastKnownFileType = sourcecode.c.h; path = "ModelForm-Prefix.pch"; sourceTree = "<group>"; };
		A9DC64FF13666A6A00DA53E5 /* ModelFormTests.octest */ = {isa = PBXFileReference; explicitFileType = wrapper.cfbundle; includeInIndex = 0; path = ModelFormTests.octest; sourceTree = BUILT_PRODUCTS_DIR; };
		A9DC650013666A6A00DA53E5 /* UIKit.framework */ = {isa = PBXFileReference; lastKnownFileType = wrapper.framework; name = UIKit.framework; path = System/Library/Frameworks/UIKit.framework; sourceTree = SDKROOT; };
		A9DC650313666A6A00DA53E5 /* CoreGraphics.framework */ = {isa = PBXFileReference; lastKnownFileType = wrapper.framework; name = CoreGraphics.framework; path = System/Library/Frameworks/CoreGraphics.framework; sourceTree = SDKROOT; };
		A9DC650A13666A6A00DA53E5 /* ModelFormTests-Info.plist */ = {isa = PBXFileReference; lastKnownFileType = text.plist.xml; path = "ModelFormTests-Info.plist"; sourceTree = "<group>"; };
		A9DC650C13666A6A00DA53E5 /* en */ = {isa = PBXFileReference; lastKnownFileType = text.plist.strings; name = en; path = en.lproj/InfoPlist.strings; sourceTree = "<group>"; };
		A9DC650E13666A6A00DA53E5 /* ModelFormTests-Prefix.pch */ = {isa = PBXFileReference; lastKnownFileType = sourcecode.c.h; path = "ModelFormTests-Prefix.pch"; sourceTree = "<group>"; };
		A9DC650F13666A6A00DA53E5 /* ModelFormTests.h */ = {isa = PBXFileReference; lastKnownFileType = sourcecode.c.h; path = ModelFormTests.h; sourceTree = "<group>"; };
		A9DC651113666A6A00DA53E5 /* ModelFormTests.m */ = {isa = PBXFileReference; lastKnownFileType = sourcecode.c.objc; path = ModelFormTests.m; sourceTree = "<group>"; };
/* End PBXFileReference section */

/* Begin PBXFrameworksBuildPhase section */
		A9DC64EF13666A6900DA53E5 /* Frameworks */ = {
			isa = PBXFrameworksBuildPhase;
			buildActionMask = 2147483647;
			files = (
				A9DC64F613666A6900DA53E5 /* Foundation.framework in Frameworks */,
			);
			runOnlyForDeploymentPostprocessing = 0;
		};
		A9DC64FB13666A6A00DA53E5 /* Frameworks */ = {
			isa = PBXFrameworksBuildPhase;
			buildActionMask = 2147483647;
			files = (
				A9DC650113666A6A00DA53E5 /* UIKit.framework in Frameworks */,
				A9DC650213666A6A00DA53E5 /* Foundation.framework in Frameworks */,
				A9DC650413666A6A00DA53E5 /* CoreGraphics.framework in Frameworks */,
				A9DC650713666A6A00DA53E5 /* libModelForm.a in Frameworks */,
			);
			runOnlyForDeploymentPostprocessing = 0;
		};
/* End PBXFrameworksBuildPhase section */

/* Begin PBXGroup section */
		A9DC64E713666A6900DA53E5 = {
			isa = PBXGroup;
			children = (
				A9DC64F713666A6900DA53E5 /* ModelForm */,
				A9DC650813666A6A00DA53E5 /* ModelFormTests */,
				A9DC64F413666A6900DA53E5 /* Frameworks */,
				A9DC64F313666A6900DA53E5 /* Products */,
			);
			sourceTree = "<group>";
		};
		A9DC64F313666A6900DA53E5 /* Products */ = {
			isa = PBXGroup;
			children = (
				A9DC64F213666A6900DA53E5 /* libModelForm.a */,
				A9DC64FF13666A6A00DA53E5 /* ModelFormTests.octest */,
			);
			name = Products;
			sourceTree = "<group>";
		};
		A9DC64F413666A6900DA53E5 /* Frameworks */ = {
			isa = PBXGroup;
			children = (
				A9DC64F513666A6900DA53E5 /* Foundation.framework */,
				A9DC650013666A6A00DA53E5 /* UIKit.framework */,
				A9DC650313666A6A00DA53E5 /* CoreGraphics.framework */,
			);
			name = Frameworks;
			sourceTree = "<group>";
		};
		A9DC64F713666A6900DA53E5 /* ModelForm */ = {
			isa = PBXGroup;
			children = (
				A9DC652413666A7F00DA53E5 /* Classes */,
				A9DC64F813666A6900DA53E5 /* Supporting Files */,
			);
			path = ModelForm;
			sourceTree = "<group>";
		};
		A9DC64F813666A6900DA53E5 /* Supporting Files */ = {
			isa = PBXGroup;
			children = (
				A9DC64F913666A6900DA53E5 /* ModelForm-Prefix.pch */,
			);
			name = "Supporting Files";
			sourceTree = "<group>";
		};
		A9DC650813666A6A00DA53E5 /* ModelFormTests */ = {
			isa = PBXGroup;
			children = (
				A9DC650F13666A6A00DA53E5 /* ModelFormTests.h */,
				A9DC651113666A6A00DA53E5 /* ModelFormTests.m */,
				A9DC650913666A6A00DA53E5 /* Supporting Files */,
			);
			path = ModelFormTests;
			sourceTree = "<group>";
		};
		A9DC650913666A6A00DA53E5 /* Supporting Files */ = {
			isa = PBXGroup;
			children = (
				A9DC650A13666A6A00DA53E5 /* ModelFormTests-Info.plist */,
				A9DC650B13666A6A00DA53E5 /* InfoPlist.strings */,
				A9DC650E13666A6A00DA53E5 /* ModelFormTests-Prefix.pch */,
			);
			name = "Supporting Files";
			sourceTree = "<group>";
		};
		A9DC652413666A7F00DA53E5 /* Classes */ = {
			isa = PBXGroup;
			children = (
			);
			path = Classes;
			sourceTree = "<group>";
		};
/* End PBXGroup section */

/* Begin PBXHeadersBuildPhase section */
		A9DC64F013666A6900DA53E5 /* Headers */ = {
			isa = PBXHeadersBuildPhase;
			buildActionMask = 2147483647;
			files = (
			);
			runOnlyForDeploymentPostprocessing = 0;
		};
/* End PBXHeadersBuildPhase section */

/* Begin PBXNativeTarget section */
		A9DC64F113666A6900DA53E5 /* ModelForm */ = {
			isa = PBXNativeTarget;
			buildConfigurationList = A9DC651513666A6A00DA53E5 /* Build configuration list for PBXNativeTarget "ModelForm" */;
			buildPhases = (
				A9DC64EE13666A6900DA53E5 /* Sources */,
				A9DC64EF13666A6900DA53E5 /* Frameworks */,
				A9DC64F013666A6900DA53E5 /* Headers */,
			);
			buildRules = (
			);
			dependencies = (
			);
			name = ModelForm;
			productName = ModelForm;
			productReference = A9DC64F213666A6900DA53E5 /* libModelForm.a */;
			productType = "com.apple.product-type.library.static";
		};
		A9DC64FE13666A6A00DA53E5 /* ModelFormTests */ = {
			isa = PBXNativeTarget;
			buildConfigurationList = A9DC651813666A6A00DA53E5 /* Build configuration list for PBXNativeTarget "ModelFormTests" */;
			buildPhases = (
				A9DC64FA13666A6A00DA53E5 /* Sources */,
				A9DC64FB13666A6A00DA53E5 /* Frameworks */,
				A9DC64FC13666A6A00DA53E5 /* Resources */,
				A9DC64FD13666A6A00DA53E5 /* ShellScript */,
			);
			buildRules = (
			);
			dependencies = (
				A9DC650613666A6A00DA53E5 /* PBXTargetDependency */,
			);
			name = ModelFormTests;
			productName = ModelFormTests;
			productReference = A9DC64FF13666A6A00DA53E5 /* ModelFormTests.octest */;
			productType = "com.apple.product-type.bundle";
		};
/* End PBXNativeTarget section */

/* Begin PBXProject section */
		A9DC64E913666A6900DA53E5 /* Project object */ = {
			isa = PBXProject;
			attributes = {
				ORGANIZATIONNAME = "LeVous, LLC";
			};
			buildConfigurationList = A9DC64EC13666A6900DA53E5 /* Build configuration list for PBXProject "ModelForm" */;
			compatibilityVersion = "Xcode 3.2";
			developmentRegion = English;
			hasScannedForEncodings = 0;
			knownRegions = (
				en,
			);
			mainGroup = A9DC64E713666A6900DA53E5;
			productRefGroup = A9DC64F313666A6900DA53E5 /* Products */;
			projectDirPath = "";
			projectRoot = "";
			targets = (
				A9DC64F113666A6900DA53E5 /* ModelForm */,
				A9DC64FE13666A6A00DA53E5 /* ModelFormTests */,
			);
		};
/* End PBXProject section */

/* Begin PBXResourcesBuildPhase section */
		A9DC64FC13666A6A00DA53E5 /* Resources */ = {
			isa = PBXResourcesBuildPhase;
			buildActionMask = 2147483647;
			files = (
				A9DC650D13666A6A00DA53E5 /* InfoPlist.strings in Resources */,
				A9DC651013666A6A00DA53E5 /* ModelFormTests.h in Resources */,
			);
			runOnlyForDeploymentPostprocessing = 0;
		};
/* End PBXResourcesBuildPhase section */

/* Begin PBXShellScriptBuildPhase section */
		A9DC64FD13666A6A00DA53E5 /* ShellScript */ = {
			isa = PBXShellScriptBuildPhase;
			buildActionMask = 2147483647;
			files = (
			);
			inputPaths = (
			);
			outputPaths = (
			);
			runOnlyForDeploymentPostprocessing = 0;
			shellPath = /bin/sh;
			shellScript = "# Run the unit tests in this test bundle.\n\"${SYSTEM_DEVELOPER_DIR}/Tools/RunUnitTests\"\n";
		};
/* End PBXShellScriptBuildPhase section */

/* Begin PBXSourcesBuildPhase section */
		A9DC64EE13666A6900DA53E5 /* Sources */ = {
			isa = PBXSourcesBuildPhase;
			buildActionMask = 2147483647;
			files = (
			);
			runOnlyForDeploymentPostprocessing = 0;
		};
		A9DC64FA13666A6A00DA53E5 /* Sources */ = {
			isa = PBXSourcesBuildPhase;
			buildActionMask = 2147483647;
			files = (
				A9DC651213666A6A00DA53E5 /* ModelFormTests.m in Sources */,
			);
			runOnlyForDeploymentPostprocessing = 0;
		};
/* End PBXSourcesBuildPhase section */

/* Begin PBXTargetDependency section */
		A9DC650613666A6A00DA53E5 /* PBXTargetDependency */ = {
			isa = PBXTargetDependency;
			target = A9DC64F113666A6900DA53E5 /* ModelForm */;
			targetProxy = A9DC650513666A6A00DA53E5 /* PBXContainerItemProxy */;
		};
/* End PBXTargetDependency section */

/* Begin PBXVariantGroup section */
		A9DC650B13666A6A00DA53E5 /* InfoPlist.strings */ = {
			isa = PBXVariantGroup;
			children = (
				A9DC650C13666A6A00DA53E5 /* en */,
			);
			name = InfoPlist.strings;
			sourceTree = "<group>";
		};
/* End PBXVariantGroup section */

/* Begin XCBuildConfiguration section */
		A9DC651313666A6A00DA53E5 /* Debug */ = {
			isa = XCBuildConfiguration;
			buildSettings = {
				ARCHS = "$(ARCHS_STANDARD_32_BIT)";
				GCC_C_LANGUAGE_STANDARD = gnu99;
				GCC_OPTIMIZATION_LEVEL = 0;
				GCC_PREPROCESSOR_DEFINITIONS = DEBUG;
				GCC_SYMBOLS_PRIVATE_EXTERN = NO;
				GCC_VERSION = com.apple.compilers.llvmgcc42;
				GCC_WARN_ABOUT_RETURN_TYPE = YES;
				GCC_WARN_UNUSED_VARIABLE = YES;
				IPHONEOS_DEPLOYMENT_TARGET = 4.3;
				SDKROOT = iphoneos;
			};
			name = Debug;
		};
		A9DC651413666A6A00DA53E5 /* Release */ = {
			isa = XCBuildConfiguration;
			buildSettings = {
				ARCHS = "$(ARCHS_STANDARD_32_BIT)";
				GCC_C_LANGUAGE_STANDARD = gnu99;
				GCC_VERSION = com.apple.compilers.llvmgcc42;
				GCC_WARN_ABOUT_RETURN_TYPE = YES;
				GCC_WARN_UNUSED_VARIABLE = YES;
				IPHONEOS_DEPLOYMENT_TARGET = 4.3;
				SDKROOT = iphoneos;
			};
			name = Release;
		};
		A9DC651613666A6A00DA53E5 /* Debug */ = {
			isa = XCBuildConfiguration;
			buildSettings = {
				ALWAYS_SEARCH_USER_PATHS = NO;
				DSTROOT = /tmp/ModelForm.dst;
				GCC_PRECOMPILE_PREFIX_HEADER = YES;
				GCC_PREFIX_HEADER = "ModelForm/ModelForm-Prefix.pch";
				OTHER_LDFLAGS = "-ObjC";
				PRODUCT_NAME = "$(TARGET_NAME)";
			};
			name = Debug;
		};
		A9DC651713666A6A00DA53E5 /* Release */ = {
			isa = XCBuildConfiguration;
			buildSettings = {
				ALWAYS_SEARCH_USER_PATHS = NO;
				DSTROOT = /tmp/ModelForm.dst;
				GCC_PRECOMPILE_PREFIX_HEADER = YES;
				GCC_PREFIX_HEADER = "ModelForm/ModelForm-Prefix.pch";
				OTHER_LDFLAGS = "-ObjC";
				PRODUCT_NAME = "$(TARGET_NAME)";
			};
			name = Release;
		};
		A9DC651913666A6A00DA53E5 /* Debug */ = {
			isa = XCBuildConfiguration;
			buildSettings = {
				ALWAYS_SEARCH_USER_PATHS = NO;
				FRAMEWORK_SEARCH_PATHS = (
					"$(SDKROOT)/Developer/Library/Frameworks",
					"$(DEVELOPER_LIBRARY_DIR)/Frameworks",
				);
				GCC_PRECOMPILE_PREFIX_HEADER = YES;
				GCC_PREFIX_HEADER = "ModelFormTests/ModelFormTests-Prefix.pch";
				INFOPLIST_FILE = "ModelFormTests/ModelFormTests-Info.plist";
				OTHER_LDFLAGS = (
					"-framework",
					SenTestingKit,
				);
				PRODUCT_NAME = "$(TARGET_NAME)";
				WRAPPER_EXTENSION = octest;
			};
			name = Debug;
		};
		A9DC651A13666A6A00DA53E5 /* Release */ = {
			isa = XCBuildConfiguration;
			buildSettings = {
				ALWAYS_SEARCH_USER_PATHS = NO;
				FRAMEWORK_SEARCH_PATHS = (
					"$(SDKROOT)/Developer/Library/Frameworks",
					"$(DEVELOPER_LIBRARY_DIR)/Frameworks",
				);
				GCC_PRECOMPILE_PREFIX_HEADER = YES;
				GCC_PREFIX_HEADER = "ModelFormTests/ModelFormTests-Prefix.pch";
				INFOPLIST_FILE = "ModelFormTests/ModelFormTests-Info.plist";
				OTHER_LDFLAGS = (
					"-framework",
					SenTestingKit,
				);
				PRODUCT_NAME = "$(TARGET_NAME)";
				WRAPPER_EXTENSION = octest;
			};
			name = Release;
		};
/* End XCBuildConfiguration section */

/* Begin XCConfigurationList section */
		A9DC64EC13666A6900DA53E5 /* Build configuration list for PBXProject "ModelForm" */ = {
			isa = XCConfigurationList;
			buildConfigurations = (
				A9DC651313666A6A00DA53E5 /* Debug */,
				A9DC651413666A6A00DA53E5 /* Release */,
			);
			defaultConfigurationIsVisible = 0;
			defaultConfigurationName = Release;
		};
		A9DC651513666A6A00DA53E5 /* Build configuration list for PBXNativeTarget "ModelForm" */ = {
			isa = XCConfigurationList;
			buildConfigurations = (
				A9DC651613666A6A00DA53E5 /* Debug */,
				A9DC651713666A6A00DA53E5 /* Release */,
			);
			defaultConfigurationIsVisible = 0;
		};
		A9DC651813666A6A00DA53E5 /* Build configuration list for PBXNativeTarget "ModelFormTests" */ = {
			isa = XCConfigurationList;
			buildConfigurations = (
				A9DC651913666A6A00DA53E5 /* Debug */,
				A9DC651A13666A6A00DA53E5 /* Release */,
			);
			defaultConfigurationIsVisible = 0;
		};
/* End XCConfigurationList section */
	};
	rootObject = A9DC64E913666A6900DA53E5 /* Project object */;
}
