// !$*UTF8*$!
{
	archiveVersion = 1;
	classes = {
	};
	objectVersion = 46;
	objects = {

/* Begin PBXBuildFile section */
		1D3623260D0F684500981E51 /* iPad_AppAppDelegate.m in Sources */ = {isa = PBXBuildFile; fileRef = 1D3623250D0F684500981E51 /* iPad_AppAppDelegate.m */; };
		1D60589B0D05DD56006BFB54 /* main.m in Sources */ = {isa = PBXBuildFile; fileRef = 29B97316FDCFA39411CA2CEA /* main.m */; };
		1D60589F0D05DD5A006BFB54 /* Foundation.framework in Frameworks */ = {isa = PBXBuildFile; fileRef = 1D30AB110D05D00D00671497 /* Foundation.framework */; };
		1DF5F4E00D08C38300B7A737 /* UIKit.framework in Frameworks */ = {isa = PBXBuildFile; fileRef = 1DF5F4DF0D08C38300B7A737 /* UIKit.framework */; };
		2804200B108E984D000629CD /* RootViewController.m in Sources */ = {isa = PBXBuildFile; fileRef = 28042008108E984D000629CD /* RootViewController.m */; };
		2804200C108E984D000629CD /* DetailViewController.m in Sources */ = {isa = PBXBuildFile; fileRef = 2804200A108E984D000629CD /* DetailViewController.m */; };
		280420C1108EA07E000629CD /* CoreData.framework in Frameworks */ = {isa = PBXBuildFile; fileRef = 280420C0108EA07E000629CD /* CoreData.framework */; };
		2819300E112F7FA900ECF9B4 /* iPad_App.xcdatamodeld in Sources */ = {isa = PBXBuildFile; fileRef = 2819300D112F7FA900ECF9B4 /* iPad_App.xcdatamodeld */; };
		2892E4100DC94CBA00A64D0F /* CoreGraphics.framework in Frameworks */ = {isa = PBXBuildFile; fileRef = 2892E40F0DC94CBA00A64D0F /* CoreGraphics.framework */; };
		28AD73600D9D9599002E5188 /* MainWindow.xib in Resources */ = {isa = PBXBuildFile; fileRef = 28AD735F0D9D9599002E5188 /* MainWindow.xib */; };
		DB07C233126524C600835FDF /* LICENSE AGREEMENT.rtf in Resources */ = {isa = PBXBuildFile; fileRef = DB07C220126524C600835FDF /* LICENSE AGREEMENT.rtf */; };
		DB07C234126524C600835FDF /* SCBadgeView.m in Sources */ = {isa = PBXBuildFile; fileRef = DB07C222126524C600835FDF /* SCBadgeView.m */; };
		DB07C235126524C600835FDF /* SCClassDefinition.m in Sources */ = {isa = PBXBuildFile; fileRef = DB07C224126524C600835FDF /* SCClassDefinition.m */; };
		DB07C236126524C600835FDF /* SCGlobals.m in Sources */ = {isa = PBXBuildFile; fileRef = DB07C226126524C600835FDF /* SCGlobals.m */; };
		DB07C237126524C600835FDF /* SCPropertyAttributes.m in Sources */ = {isa = PBXBuildFile; fileRef = DB07C228126524C600835FDF /* SCPropertyAttributes.m */; };
		DB07C238126524C600835FDF /* SCTableViewCell.m in Sources */ = {isa = PBXBuildFile; fileRef = DB07C22A126524C600835FDF /* SCTableViewCell.m */; };
		DB07C239126524C600835FDF /* SCTableViewController.m in Sources */ = {isa = PBXBuildFile; fileRef = DB07C22C126524C600835FDF /* SCTableViewController.m */; };
		DB07C23A126524C600835FDF /* SCTableViewModel.m in Sources */ = {isa = PBXBuildFile; fileRef = DB07C22E126524C600835FDF /* SCTableViewModel.m */; };
		DB07C23B126524C600835FDF /* SCTableViewSection.m in Sources */ = {isa = PBXBuildFile; fileRef = DB07C230126524C600835FDF /* SCTableViewSection.m */; };
		DB07C23C126524C600835FDF /* SCViewController.m in Sources */ = {isa = PBXBuildFile; fileRef = DB07C232126524C600835FDF /* SCViewController.m */; };
		DB07C2C21265311400835FDF /* DetailViewController.xib in Resources */ = {isa = PBXBuildFile; fileRef = DB07C2C11265311400835FDF /* DetailViewController.xib */; };
/* End PBXBuildFile section */

/* Begin PBXFileReference section */
		1D30AB110D05D00D00671497 /* Foundation.framework */ = {isa = PBXFileReference; lastKnownFileType = wrapper.framework; name = Foundation.framework; path = System/Library/Frameworks/Foundation.framework; sourceTree = SDKROOT; };
		1D3623240D0F684500981E51 /* iPad_AppAppDelegate.h */ = {isa = PBXFileReference; fileEncoding = 4; lastKnownFileType = sourcecode.c.h; path = iPad_AppAppDelegate.h; sourceTree = "<group>"; };
		1D3623250D0F684500981E51 /* iPad_AppAppDelegate.m */ = {isa = PBXFileReference; fileEncoding = 4; lastKnownFileType = sourcecode.c.objc; path = iPad_AppAppDelegate.m; sourceTree = "<group>"; };
		1D6058910D05DD3D006BFB54 /* iPad App.app */ = {isa = PBXFileReference; explicitFileType = wrapper.application; includeInIndex = 0; path = "iPad App.app"; sourceTree = BUILT_PRODUCTS_DIR; };
		1DF5F4DF0D08C38300B7A737 /* UIKit.framework */ = {isa = PBXFileReference; lastKnownFileType = wrapper.framework; name = UIKit.framework; path = System/Library/Frameworks/UIKit.framework; sourceTree = SDKROOT; };
		28042007108E984D000629CD /* RootViewController.h */ = {isa = PBXFileReference; fileEncoding = 4; lastKnownFileType = sourcecode.c.h; path = RootViewController.h; sourceTree = "<group>"; };
		28042008108E984D000629CD /* RootViewController.m */ = {isa = PBXFileReference; fileEncoding = 4; lastKnownFileType = sourcecode.c.objc; path = RootViewController.m; sourceTree = "<group>"; };
		28042009108E984D000629CD /* DetailViewController.h */ = {isa = PBXFileReference; fileEncoding = 4; lastKnownFileType = sourcecode.c.h; path = DetailViewController.h; sourceTree = "<group>"; };
		2804200A108E984D000629CD /* DetailViewController.m */ = {isa = PBXFileReference; fileEncoding = 4; lastKnownFileType = sourcecode.c.objc; path = DetailViewController.m; sourceTree = "<group>"; };
		280420B3108E9F58000629CD /* iPad_App.xcdatamodel */ = {isa = PBXFileReference; fileEncoding = 4; lastKnownFileType = wrapper.xcdatamodel; path = iPad_App.xcdatamodel; sourceTree = "<group>"; };
		280420C0108EA07E000629CD /* CoreData.framework */ = {isa = PBXFileReference; lastKnownFileType = wrapper.framework; name = CoreData.framework; path = System/Library/Frameworks/CoreData.framework; sourceTree = SDKROOT; };
		2892E40F0DC94CBA00A64D0F /* CoreGraphics.framework */ = {isa = PBXFileReference; lastKnownFileType = wrapper.framework; name = CoreGraphics.framework; path = System/Library/Frameworks/CoreGraphics.framework; sourceTree = SDKROOT; };
		28A0AAE50D9B0CCF005BE974 /* iPad_App_Prefix.pch */ = {isa = PBXFileReference; fileEncoding = 4; lastKnownFileType = sourcecode.c.h; path = iPad_App_Prefix.pch; sourceTree = "<group>"; };
		28AD735F0D9D9599002E5188 /* MainWindow.xib */ = {isa = PBXFileReference; lastKnownFileType = file.xib; path = MainWindow.xib; sourceTree = "<group>"; };
		29B97316FDCFA39411CA2CEA /* main.m */ = {isa = PBXFileReference; fileEncoding = 4; lastKnownFileType = sourcecode.c.objc; path = main.m; sourceTree = "<group>"; };
		8D1107310486CEB800E47090 /* iPad_App-Info.plist */ = {isa = PBXFileReference; fileEncoding = 4; lastKnownFileType = text.plist.xml; path = "iPad_App-Info.plist"; plistStructureDefinitionIdentifier = "com.apple.xcode.plist.structure-definition.iphone.info-plist"; sourceTree = "<group>"; };
		DB07C220126524C600835FDF /* LICENSE AGREEMENT.rtf */ = {isa = PBXFileReference; lastKnownFileType = text.rtf; path = "LICENSE AGREEMENT.rtf"; sourceTree = "<group>"; };
		DB07C221126524C600835FDF /* SCBadgeView.h */ = {isa = PBXFileReference; fileEncoding = 4; lastKnownFileType = sourcecode.c.h; path = SCBadgeView.h; sourceTree = "<group>"; };
		DB07C222126524C600835FDF /* SCBadgeView.m */ = {isa = PBXFileReference; fileEncoding = 4; lastKnownFileType = sourcecode.c.objc; path = SCBadgeView.m; sourceTree = "<group>"; };
		DB07C223126524C600835FDF /* SCClassDefinition.h */ = {isa = PBXFileReference; fileEncoding = 4; lastKnownFileType = sourcecode.c.h; path = SCClassDefinition.h; sourceTree = "<group>"; };
		DB07C224126524C600835FDF /* SCClassDefinition.m */ = {isa = PBXFileReference; fileEncoding = 4; lastKnownFileType = sourcecode.c.objc; path = SCClassDefinition.m; sourceTree = "<group>"; };
		DB07C225126524C600835FDF /* SCGlobals.h */ = {isa = PBXFileReference; fileEncoding = 4; lastKnownFileType = sourcecode.c.h; path = SCGlobals.h; sourceTree = "<group>"; };
		DB07C226126524C600835FDF /* SCGlobals.m */ = {isa = PBXFileReference; fileEncoding = 4; lastKnownFileType = sourcecode.c.objc; path = SCGlobals.m; sourceTree = "<group>"; };
		DB07C227126524C600835FDF /* SCPropertyAttributes.h */ = {isa = PBXFileReference; fileEncoding = 4; lastKnownFileType = sourcecode.c.h; path = SCPropertyAttributes.h; sourceTree = "<group>"; };
		DB07C228126524C600835FDF /* SCPropertyAttributes.m */ = {isa = PBXFileReference; fileEncoding = 4; lastKnownFileType = sourcecode.c.objc; path = SCPropertyAttributes.m; sourceTree = "<group>"; };
		DB07C229126524C600835FDF /* SCTableViewCell.h */ = {isa = PBXFileReference; fileEncoding = 4; lastKnownFileType = sourcecode.c.h; path = SCTableViewCell.h; sourceTree = "<group>"; };
		DB07C22A126524C600835FDF /* SCTableViewCell.m */ = {isa = PBXFileReference; fileEncoding = 4; lastKnownFileType = sourcecode.c.objc; path = SCTableViewCell.m; sourceTree = "<group>"; };
		DB07C22B126524C600835FDF /* SCTableViewController.h */ = {isa = PBXFileReference; fileEncoding = 4; lastKnownFileType = sourcecode.c.h; path = SCTableViewController.h; sourceTree = "<group>"; };
		DB07C22C126524C600835FDF /* SCTableViewController.m */ = {isa = PBXFileReference; fileEncoding = 4; lastKnownFileType = sourcecode.c.objc; path = SCTableViewController.m; sourceTree = "<group>"; };
		DB07C22D126524C600835FDF /* SCTableViewModel.h */ = {isa = PBXFileReference; fileEncoding = 4; lastKnownFileType = sourcecode.c.h; path = SCTableViewModel.h; sourceTree = "<group>"; };
		DB07C22E126524C600835FDF /* SCTableViewModel.m */ = {isa = PBXFileReference; fileEncoding = 4; lastKnownFileType = sourcecode.c.objc; path = SCTableViewModel.m; sourceTree = "<group>"; };
		DB07C22F126524C600835FDF /* SCTableViewSection.h */ = {isa = PBXFileReference; fileEncoding = 4; lastKnownFileType = sourcecode.c.h; path = SCTableViewSection.h; sourceTree = "<group>"; };
		DB07C230126524C600835FDF /* SCTableViewSection.m */ = {isa = PBXFileReference; fileEncoding = 4; lastKnownFileType = sourcecode.c.objc; path = SCTableViewSection.m; sourceTree = "<group>"; };
		DB07C231126524C600835FDF /* SCViewController.h */ = {isa = PBXFileReference; fileEncoding = 4; lastKnownFileType = sourcecode.c.h; path = SCViewController.h; sourceTree = "<group>"; };
		DB07C232126524C600835FDF /* SCViewController.m */ = {isa = PBXFileReference; fileEncoding = 4; lastKnownFileType = sourcecode.c.objc; path = SCViewController.m; sourceTree = "<group>"; };
		DB07C2C11265311400835FDF /* DetailViewController.xib */ = {isa = PBXFileReference; lastKnownFileType = file.xib; path = DetailViewController.xib; sourceTree = "<group>"; };
/* End PBXFileReference section */

/* Begin PBXFrameworksBuildPhase section */
		1D60588F0D05DD3D006BFB54 /* Frameworks */ = {
			isa = PBXFrameworksBuildPhase;
			buildActionMask = 2147483647;
			files = (
				1D60589F0D05DD5A006BFB54 /* Foundation.framework in Frameworks */,
				1DF5F4E00D08C38300B7A737 /* UIKit.framework in Frameworks */,
				2892E4100DC94CBA00A64D0F /* CoreGraphics.framework in Frameworks */,
				280420C1108EA07E000629CD /* CoreData.framework in Frameworks */,
			);
			runOnlyForDeploymentPostprocessing = 0;
		};
/* End PBXFrameworksBuildPhase section */

/* Begin PBXGroup section */
		080E96DDFE201D6D7F000001 /* Classes */ = {
			isa = PBXGroup;
			children = (
				DB07C21F126524C600835FDF /* Sensible TableView */,
				1D3623240D0F684500981E51 /* iPad_AppAppDelegate.h */,
				1D3623250D0F684500981E51 /* iPad_AppAppDelegate.m */,
				28042007108E984D000629CD /* RootViewController.h */,
				28042008108E984D000629CD /* RootViewController.m */,
				28042009108E984D000629CD /* DetailViewController.h */,
				2804200A108E984D000629CD /* DetailViewController.m */,
				DB07C2C11265311400835FDF /* DetailViewController.xib */,
			);
			path = Classes;
			sourceTree = "<group>";
		};
		19C28FACFE9D520D11CA2CBB /* Products */ = {
			isa = PBXGroup;
			children = (
				1D6058910D05DD3D006BFB54 /* iPad App.app */,
			);
			name = Products;
			sourceTree = "<group>";
		};
		29B97314FDCFA39411CA2CEA /* CustomTemplate */ = {
			isa = PBXGroup;
			children = (
				080E96DDFE201D6D7F000001 /* Classes */,
				29B97315FDCFA39411CA2CEA /* Other Sources */,
				29B97317FDCFA39411CA2CEA /* Resources */,
				29B97323FDCFA39411CA2CEA /* Frameworks */,
				19C28FACFE9D520D11CA2CBB /* Products */,
			);
			name = CustomTemplate;
			sourceTree = "<group>";
		};
		29B97315FDCFA39411CA2CEA /* Other Sources */ = {
			isa = PBXGroup;
			children = (
				28A0AAE50D9B0CCF005BE974 /* iPad_App_Prefix.pch */,
				29B97316FDCFA39411CA2CEA /* main.m */,
			);
			name = "Other Sources";
			sourceTree = "<group>";
		};
		29B97317FDCFA39411CA2CEA /* Resources */ = {
			isa = PBXGroup;
			children = (
				2819300D112F7FA900ECF9B4 /* iPad_App.xcdatamodeld */,
				28AD735F0D9D9599002E5188 /* MainWindow.xib */,
				8D1107310486CEB800E47090 /* iPad_App-Info.plist */,
			);
			name = Resources;
			sourceTree = "<group>";
		};
		29B97323FDCFA39411CA2CEA /* Frameworks */ = {
			isa = PBXGroup;
			children = (
				1DF5F4DF0D08C38300B7A737 /* UIKit.framework */,
				1D30AB110D05D00D00671497 /* Foundation.framework */,
				2892E40F0DC94CBA00A64D0F /* CoreGraphics.framework */,
				280420C0108EA07E000629CD /* CoreData.framework */,
			);
			name = Frameworks;
			sourceTree = "<group>";
		};
		DB07C21F126524C600835FDF /* Sensible TableView */ = {
			isa = PBXGroup;
			children = (
				DB07C220126524C600835FDF /* LICENSE AGREEMENT.rtf */,
				DB07C221126524C600835FDF /* SCBadgeView.h */,
				DB07C222126524C600835FDF /* SCBadgeView.m */,
				DB07C223126524C600835FDF /* SCClassDefinition.h */,
				DB07C224126524C600835FDF /* SCClassDefinition.m */,
				DB07C225126524C600835FDF /* SCGlobals.h */,
				DB07C226126524C600835FDF /* SCGlobals.m */,
				DB07C227126524C600835FDF /* SCPropertyAttributes.h */,
				DB07C228126524C600835FDF /* SCPropertyAttributes.m */,
				DB07C229126524C600835FDF /* SCTableViewCell.h */,
				DB07C22A126524C600835FDF /* SCTableViewCell.m */,
				DB07C22B126524C600835FDF /* SCTableViewController.h */,
				DB07C22C126524C600835FDF /* SCTableViewController.m */,
				DB07C22D126524C600835FDF /* SCTableViewModel.h */,
				DB07C22E126524C600835FDF /* SCTableViewModel.m */,
				DB07C22F126524C600835FDF /* SCTableViewSection.h */,
				DB07C230126524C600835FDF /* SCTableViewSection.m */,
				DB07C231126524C600835FDF /* SCViewController.h */,
				DB07C232126524C600835FDF /* SCViewController.m */,
			);
			path = "Sensible TableView";
			sourceTree = "<group>";
		};
/* End PBXGroup section */

/* Begin PBXNativeTarget section */
		1D6058900D05DD3D006BFB54 /* iPad App */ = {
			isa = PBXNativeTarget;
			buildConfigurationList = 1D6058960D05DD3E006BFB54 /* Build configuration list for PBXNativeTarget "iPad App" */;
			buildPhases = (
				1D60588D0D05DD3D006BFB54 /* Resources */,
				1D60588E0D05DD3D006BFB54 /* Sources */,
				1D60588F0D05DD3D006BFB54 /* Frameworks */,
			);
			buildRules = (
			);
			dependencies = (
			);
			name = "iPad App";
			productName = "iPad App";
			productReference = 1D6058910D05DD3D006BFB54 /* iPad App.app */;
			productType = "com.apple.product-type.application";
		};
/* End PBXNativeTarget section */

/* Begin PBXProject section */
		29B97313FDCFA39411CA2CEA /* Project object */ = {
			isa = PBXProject;
			buildConfigurationList = C01FCF4E08A954540054247B /* Build configuration list for PBXProject "iPad App" */;
			compatibilityVersion = "Xcode 3.2";
			developmentRegion = English;
			hasScannedForEncodings = 1;
			knownRegions = (
				English,
				Japanese,
				French,
				German,
				en,
			);
			mainGroup = 29B97314FDCFA39411CA2CEA /* CustomTemplate */;
			projectDirPath = "";
			projectRoot = "";
			targets = (
				1D6058900D05DD3D006BFB54 /* iPad App */,
			);
		};
/* End PBXProject section */

/* Begin PBXResourcesBuildPhase section */
		1D60588D0D05DD3D006BFB54 /* Resources */ = {
			isa = PBXResourcesBuildPhase;
			buildActionMask = 2147483647;
			files = (
				28AD73600D9D9599002E5188 /* MainWindow.xib in Resources */,
				DB07C233126524C600835FDF /* LICENSE AGREEMENT.rtf in Resources */,
				DB07C2C21265311400835FDF /* DetailViewController.xib in Resources */,
			);
			runOnlyForDeploymentPostprocessing = 0;
		};
/* End PBXResourcesBuildPhase section */

/* Begin PBXSourcesBuildPhase section */
		1D60588E0D05DD3D006BFB54 /* Sources */ = {
			isa = PBXSourcesBuildPhase;
			buildActionMask = 2147483647;
			files = (
				1D60589B0D05DD56006BFB54 /* main.m in Sources */,
				1D3623260D0F684500981E51 /* iPad_AppAppDelegate.m in Sources */,
				2804200B108E984D000629CD /* RootViewController.m in Sources */,
				2804200C108E984D000629CD /* DetailViewController.m in Sources */,
				2819300E112F7FA900ECF9B4 /* iPad_App.xcdatamodeld in Sources */,
				DB07C234126524C600835FDF /* SCBadgeView.m in Sources */,
				DB07C235126524C600835FDF /* SCClassDefinition.m in Sources */,
				DB07C236126524C600835FDF /* SCGlobals.m in Sources */,
				DB07C237126524C600835FDF /* SCPropertyAttributes.m in Sources */,
				DB07C238126524C600835FDF /* SCTableViewCell.m in Sources */,
				DB07C239126524C600835FDF /* SCTableViewController.m in Sources */,
				DB07C23A126524C600835FDF /* SCTableViewModel.m in Sources */,
				DB07C23B126524C600835FDF /* SCTableViewSection.m in Sources */,
				DB07C23C126524C600835FDF /* SCViewController.m in Sources */,
			);
			runOnlyForDeploymentPostprocessing = 0;
		};
/* End PBXSourcesBuildPhase section */

/* Begin XCBuildConfiguration section */
		1D6058940D05DD3E006BFB54 /* Debug */ = {
			isa = XCBuildConfiguration;
			buildSettings = {
				ALWAYS_SEARCH_USER_PATHS = NO;
				COPY_PHASE_STRIP = NO;
				GCC_DYNAMIC_NO_PIC = NO;
				GCC_OPTIMIZATION_LEVEL = 0;
				GCC_PRECOMPILE_PREFIX_HEADER = YES;
				GCC_PREFIX_HEADER = iPad_App_Prefix.pch;
				INFOPLIST_FILE = "iPad_App-Info.plist";
				PRODUCT_NAME = "iPad App";
			};
			name = Debug;
		};
		1D6058950D05DD3E006BFB54 /* Release */ = {
			isa = XCBuildConfiguration;
			buildSettings = {
				ALWAYS_SEARCH_USER_PATHS = NO;
				COPY_PHASE_STRIP = YES;
				GCC_PRECOMPILE_PREFIX_HEADER = YES;
				GCC_PREFIX_HEADER = iPad_App_Prefix.pch;
				INFOPLIST_FILE = "iPad_App-Info.plist";
				PRODUCT_NAME = "iPad App";
				VALIDATE_PRODUCT = YES;
			};
			name = Release;
		};
		C01FCF4F08A954540054247B /* Debug */ = {
			isa = XCBuildConfiguration;
			buildSettings = {
				ARCHS = "$(ARCHS_UNIVERSAL_IPHONE_OS)";
				"CODE_SIGN_IDENTITY[sdk=iphoneos*]" = "iPhone Developer";
				GCC_C_LANGUAGE_STANDARD = c99;
				GCC_WARN_ABOUT_RETURN_TYPE = YES;
				GCC_WARN_UNUSED_VARIABLE = YES;
				PREBINDING = NO;
				SDKROOT = iphoneos;
				TARGETED_DEVICE_FAMILY = 2;
			};
			name = Debug;
		};
		C01FCF5008A954540054247B /* Release */ = {
			isa = XCBuildConfiguration;
			buildSettings = {
				ARCHS = "$(ARCHS_UNIVERSAL_IPHONE_OS)";
				"CODE_SIGN_IDENTITY[sdk=iphoneos*]" = "iPhone Developer";
				GCC_C_LANGUAGE_STANDARD = c99;
				GCC_WARN_ABOUT_RETURN_TYPE = YES;
				GCC_WARN_UNUSED_VARIABLE = YES;
				OTHER_CFLAGS = "-DNS_BLOCK_ASSERTIONS=1";
				PREBINDING = NO;
				SDKROOT = iphoneos;
				TARGETED_DEVICE_FAMILY = 2;
			};
			name = Release;
		};
/* End XCBuildConfiguration section */

/* Begin XCConfigurationList section */
		1D6058960D05DD3E006BFB54 /* Build configuration list for PBXNativeTarget "iPad App" */ = {
			isa = XCConfigurationList;
			buildConfigurations = (
				1D6058940D05DD3E006BFB54 /* Debug */,
				1D6058950D05DD3E006BFB54 /* Release */,
			);
			defaultConfigurationIsVisible = 0;
			defaultConfigurationName = Release;
		};
		C01FCF4E08A954540054247B /* Build configuration list for PBXProject "iPad App" */ = {
			isa = XCConfigurationList;
			buildConfigurations = (
				C01FCF4F08A954540054247B /* Debug */,
				C01FCF5008A954540054247B /* Release */,
			);
			defaultConfigurationIsVisible = 0;
			defaultConfigurationName = Release;
		};
/* End XCConfigurationList section */

/* Begin XCVersionGroup section */
		2819300D112F7FA900ECF9B4 /* iPad_App.xcdatamodeld */ = {
			isa = XCVersionGroup;
			children = (
				280420B3108E9F58000629CD /* iPad_App.xcdatamodel */,
			);
			currentVersion = 280420B3108E9F58000629CD /* iPad_App.xcdatamodel */;
			path = iPad_App.xcdatamodeld;
			sourceTree = "<group>";
			versionGroupType = wrapper.xcdatamodel;
		};
/* End XCVersionGroup section */
	};
	rootObject = 29B97313FDCFA39411CA2CEA /* Project object */;
}
